PODS:
  - ActionSheetPicker-3.0 (2.2.0)
  - Alamofire (4.0.1)
  - ALSLayouts (2.0.4)
  - CryptoSwift (0.6.1)
  - DACircularProgress (2.3.1)
  - DateTools (1.7.0)
  - DeviceKit (1.0.0)
  - Freddy (3.0.0)
  - FXBlurView (1.6.4)
  - FXImageView (1.3.5)
  - IQKeyboardManagerSwift (4.0.7)
  - JDStatusBarNotification (1.5.4)
  - JVFloatLabeledTextField (1.1.1)
  - Kanna (2.0.0)
  - MBProgressHUD (0.9.2)
  - MWPhotoBrowser (2.1.2):
    - DACircularProgress (~> 2.3)
    - MBProgressHUD (~> 0.9)
    - SDWebImage (!= 3.7.2, ~> 3.7)
  - MXPagerView (0.1.3)
  - MXParallaxHeader (0.5.2)
  - PromiseKit (4.0.4):
    - PromiseKit/Foundation (= 4.0.4)
    - PromiseKit/QuartzCore (= 4.0.4)
    - PromiseKit/UIKit (= 4.0.4)
  - PromiseKit/CorePromise (4.0.4)
  - PromiseKit/Foundation (4.0.4):
    - PromiseKit/CorePromise
  - PromiseKit/QuartzCore (4.0.4):
    - PromiseKit/CorePromise
  - PromiseKit/UIKit (4.0.4):
    - PromiseKit/CorePromise
  - SDWebImage (3.8.2):
    - SDWebImage/Core (= 3.8.2)
  - SDWebImage/Core (3.8.2)
  - SQLite.swift (0.11.0):
    - SQLite.swift/standard (= 0.11.0)
  - SQLite.swift/standard (0.11.0)
  - StaticDataTableViewController (2.0.5)
  - STPopup (1.8.0)
  - SwiftHEXColors (1.0.4)
  - SwiftyJSON (3.1.1)
  - SwiftyUserDefaults (3.0.0)
  - ThumborURL (0.0.4)
  - twitter-text (1.14.0)
  - UITableView+FDTemplateLayoutCell (1.5.beta)
  - UITextView+Placeholder (1.2.0)
  - UIView+TouchHighlighting (1.2.0)
  - YYText (1.0.7)

DEPENDENCIES:
  - ActionSheetPicker-3.0 (= 2.2.0)
  - Alamofire (~> 4.0)
  - ALSLayouts (~> 2.0.4)
  - CryptoSwift (~> 0.6.0)
  - DateTools (~> 1.7.0)
  - DeviceKit (~> 1.0)
  - Freddy (~> 3.0.0)
  - FXBlurView (~> 1.6)
  - FXImageView (~> 1.3.5)
  - IQKeyboardManagerSwift (~> 4.0.6)
  - JDStatusBarNotification (= 1.5.4)
  - JVFloatLabeledTextField (= 1.1.1)
  - Kanna (~> 2.0.0)
  - MWPhotoBrowser (~> 2.1.2)
  - MXPagerView (~> 0.1.3)
  - MXParallaxHeader (~> 0.5.2)
  - PromiseKit (~> 4.0)
  - SDWebImage (~> 3.8.2)
  - SQLite.swift (~> 0.11.0)
  - StaticDataTableViewController (= 2.0.5)
  - STPopup (~> 1.8)
  - SwiftHEXColors (~> 1.0.4)
  - SwiftyJSON (~> 3.1.0)
  - SwiftyUserDefaults (~> 3.0)
  - ThumborURL (= 0.0.4)
  - twitter-text (~> 1.14)
  - UITableView+FDTemplateLayoutCell (~> 1.5.beta)
  - UITextView+Placeholder (~> 1.2)
  - UIView+TouchHighlighting (~> 1.1)
  - YYText (~> 1.0.7)

SPEC CHECKSUMS:
  ActionSheetPicker-3.0: d11a4c12c6aaf704b8a3f56d179198c99f3e41e6
  Alamofire: 7682d43245de14874acd142ec137b144aa1dd335
  ALSLayouts: 73bf82f8475a0533c4513570ba13e442d1d1cd5a
  CryptoSwift: abdbc1bf32c89117c6b403810a7b30f742d86e68
  DACircularProgress: 4dd437c0fc3da5161cb289e07ac449493d41db71
  DateTools: 53288ee8b905fdc75897a1e6b5cc0144b14cba60
  DeviceKit: ddead7f3a7c9603ba3a63cb748566428c38dd11f
  Freddy: 367f994c88a90dd3987293b4b1bec94a4530745a
  FXBlurView: db786c2561cb49a09ae98407f52460096ab8a44f
  FXImageView: 7d84722b37f0afea9a64f12fdd4a6c7f9ecc4b16
  IQKeyboardManagerSwift: 58bbcf46b5cf9fd4ed625d28a60cb2fbae4ab0f4
  JDStatusBarNotification: d47dded0594a50a39c84a2cc5aa356fcf6750d0e
  JVFloatLabeledTextField: 0e5524b097f102036214dd8279edc8ecf08b5e18
  Kanna: 9a6637f72f5c77fe9c045b1efb2a5bb074754af8
  MBProgressHUD: 1569cf7ace17a8bac47aabfbb8580a49690386d1
  MWPhotoBrowser: 5836d7aa041dc05a13de380c246826578adc5ea5
  MXPagerView: db0c020aeada6a0c704f18f8053468560e346982
  MXParallaxHeader: 5070ba8e8af27ec793c0d32ae82cfd2318e59635
  PromiseKit: 8e8ee39d33ff199d92a1a883b5396f6285be6c91
  SDWebImage: 098e97e6176540799c27e804c96653ee0833d13c
  SQLite.swift: 9a26273607d3077a2e5a8d33486e9989f8404c7d
  StaticDataTableViewController: 7ea8d7bc8c7f0a4e9255a320224462c7346c1d4a
  STPopup: af630a85628e4226ffcbda5caaead0d99aed13a8
  SwiftHEXColors: b0ecc7bd83a1aa2e1956f9ba51f55ebb2bcf86ef
  SwiftyJSON: f0be2e604f83e8405a624e9f891898bf6ed4e019
  SwiftyUserDefaults: 0f1d45fc3aafb9064dac661e367f8f83fe21a4b4
  ThumborURL: 0e1f058fb79c37660aa7d302fe77c48366902325
  twitter-text: 703e84901722b7e6e2e22b7ac12afabfb40be1e5
  UITableView+FDTemplateLayoutCell: 02b508ab1cb4cea16a8c17ac83d2cd1fd72124f9
  UITextView+Placeholder: 77680995fcdd07c3f52ec92fe1150874a2ac89ff
  UIView+TouchHighlighting: e05a338801522cbdc4a1e236bd189f2a928a781f
  YYText: 5c461d709e24d55a182d1441c41dc639a18a4849

PODFILE CHECKSUM: 38d81b04f7adb23a4dbfd4ff9abf32432a6b5dc8

COCOAPODS: 1.1.1
