PODS:
  - IQKeyboardManager (4.0.5)
  - JDStatusBarNotification (1.5.4)
  - StaticDataTableViewController (2.0.5)
  - twitter-text (1.14.0)
  - UITableView+FDTemplateLayoutCell (1.5.beta)
  - UIView+TouchHighlighting (1.1.0)

DEPENDENCIES:
  - IQKeyboardManager (~> 4.0)
  - JDStatusBarNotification (= 1.5.4)
  - StaticDataTableViewController (= 2.0.5)
  - twitter-text (~> 1.14)
  - UITableView+FDTemplateLayoutCell (~> 1.5.beta)
  - UIView+TouchHighlighting (~> 1.1)

SPEC CHECKSUMS:
  IQKeyboardManager: 50b62c0603308968256f8208886e206c1dcce607
  JDStatusBarNotification: d47dded0594a50a39c84a2cc5aa356fcf6750d0e
  StaticDataTableViewController: 7ea8d7bc8c7f0a4e9255a320224462c7346c1d4a
  twitter-text: 703e84901722b7e6e2e22b7ac12afabfb40be1e5
  UITableView+FDTemplateLayoutCell: 02b508ab1cb4cea16a8c17ac83d2cd1fd72124f9
  UIView+TouchHighlighting: cedbcd90c965e7b1418c80a04fc8266398a738f1

PODFILE CHECKSUM: 7b91041c0795bce0244285f1fbc4b937db8ec842

COCOAPODS: 1.1.0.rc.1
