PODS:
  - CryptoSwift (0.5.1)
  - Just (0.4.7)
  - SwiftyJSON (2.3.2)

DEPENDENCIES:
  - CryptoSwift (~> 0.5.1)
  - Just (~> 0.4.7)
  - SwiftyJSON (~> 2.3.2)

SPEC CHECKSUMS:
  CryptoSwift: df42dda18baf6c76347a94e227dbcc0a341304bd
  Just: 946bae197f898da6b49e27e10dbe9dfbf1216f29
  SwiftyJSON: 04ccea08915aa0109039157c7974cf0298da292a

COCOAPODS: 0.39.0
