// !$*UTF8*$!
{
	archiveVersion = 1;
	classes = {
	};
	objectVersion = 46;
	objects = {

/* Begin PBXBuildFile section */
		0FA31879CDAA65A3DCCCBB21 /* Pods_TwidereUITests.framework in Frameworks */ = {isa = PBXBuildFile; fileRef = B1B80AF2808B1E6DAC3C1586 /* Pods_TwidereUITests.framework */; };
		81A3C3B69C528DE82A413A24 /* Pods_Twidere.framework in Frameworks */ = {isa = PBXBuildFile; fileRef = 8B92684093EC59E031643BAD /* Pods_Twidere.framework */; };
		93E97A3FFD734845704AF5A8 /* Pods_TwidereTests.framework in Frameworks */ = {isa = PBXBuildFile; fileRef = 1B4E8E9FB29E0AC621059C18 /* Pods_TwidereTests.framework */; };
		C57AE02C60DD869308BC46A2 /* APIEditorViewController.swift in Sources */ = {isa = PBXBuildFile; fileRef = C57AE9F82D9ADF48C0A797E1 /* APIEditorViewController.swift */; };
		C57AE1A31B6DF18B3E70D32D /* KotlinLike.swift in Sources */ = {isa = PBXBuildFile; fileRef = C57AEB3535693D8CE56A2757 /* KotlinLike.swift */; };
		C57AE697654117B8C3334C5F /* SignInViewController.swift in Sources */ = {isa = PBXBuildFile; fileRef = C57AEEC64C3384DE54C892CF /* SignInViewController.swift */; };
		C57AEC11BFB85E10DFE1F32F /* MainViewController.swift in Sources */ = {isa = PBXBuildFile; fileRef = C57AE82AEE2AE1849333E3D7 /* MainViewController.swift */; };
		C57AED9EEAEFD6F2EE84F9E2 /* SignInTypeChooserViewController.swift in Sources */ = {isa = PBXBuildFile; fileRef = C57AE426C5E708AEEDE746E0 /* SignInTypeChooserViewController.swift */; };
		CE0529E71CF7F35300E06364 /* AppDelegate.swift in Sources */ = {isa = PBXBuildFile; fileRef = CE0529E61CF7F35300E06364 /* AppDelegate.swift */; };
		CE0529F11CF7F35300E06364 /* Assets.xcassets in Resources */ = {isa = PBXBuildFile; fileRef = CE0529F01CF7F35300E06364 /* Assets.xcassets */; };
		CE0529FF1CF7F35300E06364 /* TwidereTests.swift in Sources */ = {isa = PBXBuildFile; fileRef = CE0529FE1CF7F35300E06364 /* TwidereTests.swift */; };
		CE052A0A1CF7F35300E06364 /* TwidereUITests.swift in Sources */ = {isa = PBXBuildFile; fileRef = CE052A091CF7F35300E06364 /* TwidereUITests.swift */; };
		CE1C4B8D1EE9A85F00E0ACB6 /* RestCommons.framework in Frameworks */ = {isa = PBXBuildFile; fileRef = CE1C4B8C1EE9A85F00E0ACB6 /* RestCommons.framework */; };
		CE1C4B8E1EE9A85F00E0ACB6 /* RestCommons.framework in Embed Frameworks */ = {isa = PBXBuildFile; fileRef = CE1C4B8C1EE9A85F00E0ACB6 /* RestCommons.framework */; settings = {ATTRIBUTES = (CodeSignOnCopy, RemoveHeadersOnCopy, ); }; };
		CE1C4B901EE9A85F00E0ACB6 /* RestClient.framework in Frameworks */ = {isa = PBXBuildFile; fileRef = CE1C4B8F1EE9A85F00E0ACB6 /* RestClient.framework */; };
		CE1C4B911EE9A85F00E0ACB6 /* RestClient.framework in Embed Frameworks */ = {isa = PBXBuildFile; fileRef = CE1C4B8F1EE9A85F00E0ACB6 /* RestClient.framework */; settings = {ATTRIBUTES = (CodeSignOnCopy, RemoveHeadersOnCopy, ); }; };
		CE1C4B931EE9A85F00E0ACB6 /* Mastodon.framework in Frameworks */ = {isa = PBXBuildFile; fileRef = CE1C4B921EE9A85F00E0ACB6 /* Mastodon.framework */; };
		CE1C4B941EE9A85F00E0ACB6 /* Mastodon.framework in Embed Frameworks */ = {isa = PBXBuildFile; fileRef = CE1C4B921EE9A85F00E0ACB6 /* Mastodon.framework */; settings = {ATTRIBUTES = (CodeSignOnCopy, RemoveHeadersOnCopy, ); }; };
		CE1C4B961EE9A85F00E0ACB6 /* MicroBlog.framework in Frameworks */ = {isa = PBXBuildFile; fileRef = CE1C4B951EE9A85F00E0ACB6 /* MicroBlog.framework */; };
		CE1C4B971EE9A85F00E0ACB6 /* MicroBlog.framework in Embed Frameworks */ = {isa = PBXBuildFile; fileRef = CE1C4B951EE9A85F00E0ACB6 /* MicroBlog.framework */; settings = {ATTRIBUTES = (CodeSignOnCopy, RemoveHeadersOnCopy, ); }; };
		CE1C4B9A1EE9A88100E0ACB6 /* TwidereCore.framework in Frameworks */ = {isa = PBXBuildFile; fileRef = CE750A461EBB4CC9003E6249 /* TwidereCore.framework */; };
		CE1C4B9B1EE9A88100E0ACB6 /* TwidereCore.framework in Embed Frameworks */ = {isa = PBXBuildFile; fileRef = CE750A461EBB4CC9003E6249 /* TwidereCore.framework */; settings = {ATTRIBUTES = (CodeSignOnCopy, RemoveHeadersOnCopy, ); }; };
		CE2660191DAFD1BF007FF7CF /* StringLiteral.swift in Sources */ = {isa = PBXBuildFile; fileRef = CE2660181DAFD1BF007FF7CF /* StringLiteral.swift */; };
		CE26603F1DB0638D007FF7CF /* SQLite+Array.swift in Sources */ = {isa = PBXBuildFile; fileRef = CE26603E1DB0638D007FF7CF /* SQLite+Array.swift */; };
		CE2A7FE41EB767B0003791F2 /* Date+MicroBlog.swift in Sources */ = {isa = PBXBuildFile; fileRef = CE2A7FE31EB767B0003791F2 /* Date+MicroBlog.swift */; };
		CE3E5DF61D978A6100454A61 /* NSShadowExtension.swift in Sources */ = {isa = PBXBuildFile; fileRef = CE3E5DF51D978A6100454A61 /* NSShadowExtension.swift */; };
		CE497FA91D697CEA000F16D2 /* ConvertUtils.swift in Sources */ = {isa = PBXBuildFile; fileRef = CE497FA81D697CEA000F16D2 /* ConvertUtils.swift */; };
		CE497FB71D698C98000F16D2 /* users_list.json in Resources */ = {isa = PBXBuildFile; fileRef = CE497FB51D698C98000F16D2 /* users_list.json */; };
		CE497FB81D698C98000F16D2 /* statuses_list.json in Resources */ = {isa = PBXBuildFile; fileRef = CE497FB61D698C98000F16D2 /* statuses_list.json */; };
		CE497FBA1D6A8A65000F16D2 /* UserKey+Value.swift in Sources */ = {isa = PBXBuildFile; fileRef = CE497FB91D6A8A65000F16D2 /* UserKey+Value.swift */; };
		CE497FBE1D6B01D1000F16D2 /* DateExtension.swift in Sources */ = {isa = PBXBuildFile; fileRef = CE497FBD1D6B01D1000F16D2 /* DateExtension.swift */; };
		CE4B1AA51D719E160017CB85 /* StringExtensions.swift in Sources */ = {isa = PBXBuildFile; fileRef = CE4B1AA41D719E160017CB85 /* StringExtensions.swift */; };
		CE65B1E81D9F546700A38A61 /* ItemIndices.swift in Sources */ = {isa = PBXBuildFile; fileRef = CE65B1E71D9F546700A38A61 /* ItemIndices.swift */; };
		CE79C83D1DA62E56007C05F2 /* SpanItemExtension.swift in Sources */ = {isa = PBXBuildFile; fileRef = CE79C83C1DA62E56007C05F2 /* SpanItemExtension.swift */; };
		CE79C83F1DA77777007C05F2 /* YYText+ALSLayouts.swift in Sources */ = {isa = PBXBuildFile; fileRef = CE79C83E1DA77777007C05F2 /* YYText+ALSLayouts.swift */; };
		CE79C8411DA7ACE3007C05F2 /* UIViewExtension.swift in Sources */ = {isa = PBXBuildFile; fileRef = CE79C8401DA7ACE3007C05F2 /* UIViewExtension.swift */; };
		CE90A55B1D7EDC9D007050E5 /* SimpleRefreshTaskParam.swift in Sources */ = {isa = PBXBuildFile; fileRef = CE90A55A1D7EDC9D007050E5 /* SimpleRefreshTaskParam.swift */; };
		CE95747D1D3210A300504D52 /* CustomAPIConfig.swift in Sources */ = {isa = PBXBuildFile; fileRef = CE95747C1D3210A300504D52 /* CustomAPIConfig.swift */; };
		CE9574801D3216BC00504D52 /* ServiceConstants.swift in Sources */ = {isa = PBXBuildFile; fileRef = CE95747F1D3216BC00504D52 /* ServiceConstants.swift */; };
		CE9574821D32186A00504D52 /* UIConstants.swift in Sources */ = {isa = PBXBuildFile; fileRef = CE9574811D32186A00504D52 /* UIConstants.swift */; };
		CE9574871D3222F500504D52 /* TwitterOAuthPasswordAuthenticator.swift in Sources */ = {isa = PBXBuildFile; fileRef = CE9574861D3222F500504D52 /* TwitterOAuthPasswordAuthenticator.swift */; };
		CE9574961D33B71B00504D52 /* DefaultsKeys.swift in Sources */ = {isa = PBXBuildFile; fileRef = CE9574951D33B71B00504D52 /* DefaultsKeys.swift */; };
		CE9DB0491DACA34B000C150F /* Number+LocalizedString.swift in Sources */ = {isa = PBXBuildFile; fileRef = CE9DB0481DACA34B000C150F /* Number+LocalizedString.swift */; };
		CEA2D6E41EBC8D09002E5762 /* PersistableUserExtension.swift in Sources */ = {isa = PBXBuildFile; fileRef = CEA2D6E31EBC8D09002E5762 /* PersistableUserExtension.swift */; };
		CEA2E2AA1D34C2090095BC57 /* DefaultAPIConfig.plist in Resources */ = {isa = PBXBuildFile; fileRef = CEA2E2A91D34C2090095BC57 /* DefaultAPIConfig.plist */; };
		CEA2E2BE1D3761780095BC57 /* StatusUpdate.swift in Sources */ = {isa = PBXBuildFile; fileRef = CEA2E2BD1D3761780095BC57 /* StatusUpdate.swift */; };
		CEA2E2C11D379CD90095BC57 /* CoreLocationExtensions.swift in Sources */ = {isa = PBXBuildFile; fileRef = CEA2E2C01D379CD90095BC57 /* CoreLocationExtensions.swift */; };
		CEA2E2CD1D3A732C0095BC57 /* AccountUtils.swift in Sources */ = {isa = PBXBuildFile; fileRef = CEA2E2CC1D3A732C0095BC57 /* AccountUtils.swift */; };
		CEA2E2CF1D3A779B0095BC57 /* UIImageViewExtension.swift in Sources */ = {isa = PBXBuildFile; fileRef = CEA2E2CE1D3A779B0095BC57 /* UIImageViewExtension.swift */; };
		CEBECFB71DA9EBD300350383 /* CALayerExtension.swift in Sources */ = {isa = PBXBuildFile; fileRef = CEBECFB61DA9EBD300350383 /* CALayerExtension.swift */; };
		CEBECFC21DAA2F4500350383 /* UIViewControllerPreviewingExtension.swift in Sources */ = {isa = PBXBuildFile; fileRef = CEBECFC11DAA2F4500350383 /* UIViewControllerPreviewingExtension.swift */; };
		CEBECFCA1DAB8AD900350383 /* CollectionUtils.swift in Sources */ = {isa = PBXBuildFile; fileRef = CEBECFC91DAB8AD900350383 /* CollectionUtils.swift */; };
		CED73F6C1D9519B80066F554 /* UIImageExtensions.swift in Sources */ = {isa = PBXBuildFile; fileRef = CED73F6B1D9519B80066F554 /* UIImageExtensions.swift */; };
		CED73F6E1D953C6E0066F554 /* UIBarButtonItemExtension.swift in Sources */ = {isa = PBXBuildFile; fileRef = CED73F6D1D953C6E0066F554 /* UIBarButtonItemExtension.swift */; };
		CEDC3B1F1D7D82370082A8BA /* CoreConstants.swift in Sources */ = {isa = PBXBuildFile; fileRef = CEDC3B1E1D7D82370082A8BA /* CoreConstants.swift */; };
		CEDC3B211D7D87F80082A8BA /* SQLite+UserVersion.swift in Sources */ = {isa = PBXBuildFile; fileRef = CEDC3B201D7D87F80082A8BA /* SQLite+UserVersion.swift */; };
		CEDC3B281D7DAE2C0082A8BA /* RefreshTaskParam.swift in Sources */ = {isa = PBXBuildFile; fileRef = CEDC3B271D7DAE2C0082A8BA /* RefreshTaskParam.swift */; };
		CEDC3B2A1D7DB04F0082A8BA /* Paging.swift in Sources */ = {isa = PBXBuildFile; fileRef = CEDC3B291D7DB04F0082A8BA /* Paging.swift */; };
		CEDC3B321D7E5FB30082A8BA /* DatabaseConstants.swift in Sources */ = {isa = PBXBuildFile; fileRef = CEDC3B311D7E5FB30082A8BA /* DatabaseConstants.swift */; };
		CEDEE3F51D9270BA00001BE8 /* UIRefreshControlExtension.swift in Sources */ = {isa = PBXBuildFile; fileRef = CEDEE3F41D9270BA00001BE8 /* UIRefreshControlExtension.swift */; };
		CEEF42B91DB669C2009ECD0F /* YYTextExtension.swift in Sources */ = {isa = PBXBuildFile; fileRef = CEEF42B81DB669C2009ECD0F /* YYTextExtension.swift */; };
		CEEF42BB1DB9D650009ECD0F /* Promise+TaskMessage.swift in Sources */ = {isa = PBXBuildFile; fileRef = CEEF42BA1DB9D650009ECD0F /* Promise+TaskMessage.swift */; };
/* End PBXBuildFile section */

/* Begin PBXContainerItemProxy section */
		CE0529FB1CF7F35300E06364 /* PBXContainerItemProxy */ = {
			isa = PBXContainerItemProxy;
			containerPortal = CE0529DB1CF7F35300E06364 /* Project object */;
			proxyType = 1;
			remoteGlobalIDString = CE0529E21CF7F35300E06364;
			remoteInfo = Twidere;
		};
		CE052A061CF7F35300E06364 /* PBXContainerItemProxy */ = {
			isa = PBXContainerItemProxy;
			containerPortal = CE0529DB1CF7F35300E06364 /* Project object */;
			proxyType = 1;
			remoteGlobalIDString = CE0529E21CF7F35300E06364;
			remoteInfo = Twidere;
		};
/* End PBXContainerItemProxy section */

/* Begin PBXCopyFilesBuildPhase section */
		CE1C4B8B1EE9A7F700E0ACB6 /* Embed Frameworks */ = {
			isa = PBXCopyFilesBuildPhase;
			buildActionMask = 2147483647;
			dstPath = "";
			dstSubfolderSpec = 10;
			files = (
				CE1C4B971EE9A85F00E0ACB6 /* MicroBlog.framework in Embed Frameworks */,
				CE1C4B8E1EE9A85F00E0ACB6 /* RestCommons.framework in Embed Frameworks */,
				CE1C4B911EE9A85F00E0ACB6 /* RestClient.framework in Embed Frameworks */,
				CE1C4B9B1EE9A88100E0ACB6 /* TwidereCore.framework in Embed Frameworks */,
				CE1C4B941EE9A85F00E0ACB6 /* Mastodon.framework in Embed Frameworks */,
			);
			name = "Embed Frameworks";
			runOnlyForDeploymentPostprocessing = 0;
		};
/* End PBXCopyFilesBuildPhase section */

/* Begin PBXFileReference section */
		046CC3C499EB77C6A40118F8 /* Pods-Twidere.debug.xcconfig */ = {isa = PBXFileReference; includeInIndex = 1; lastKnownFileType = text.xcconfig; name = "Pods-Twidere.debug.xcconfig"; path = "../Pods/Target Support Files/Pods-Twidere/Pods-Twidere.debug.xcconfig"; sourceTree = "<group>"; };
		1B4E8E9FB29E0AC621059C18 /* Pods_TwidereTests.framework */ = {isa = PBXFileReference; explicitFileType = wrapper.framework; includeInIndex = 0; path = Pods_TwidereTests.framework; sourceTree = BUILT_PRODUCTS_DIR; };
		202F33C6047810AE3F0CF489 /* Pods-Twidere.release.xcconfig */ = {isa = PBXFileReference; includeInIndex = 1; lastKnownFileType = text.xcconfig; name = "Pods-Twidere.release.xcconfig"; path = "../Pods/Target Support Files/Pods-Twidere/Pods-Twidere.release.xcconfig"; sourceTree = "<group>"; };
		31A137A958AD98070F9D8AC5 /* Pods-TwidereUITests.debug.xcconfig */ = {isa = PBXFileReference; includeInIndex = 1; lastKnownFileType = text.xcconfig; name = "Pods-TwidereUITests.debug.xcconfig"; path = "../Pods/Target Support Files/Pods-TwidereUITests/Pods-TwidereUITests.debug.xcconfig"; sourceTree = "<group>"; };
		8B92684093EC59E031643BAD /* Pods_Twidere.framework */ = {isa = PBXFileReference; explicitFileType = wrapper.framework; includeInIndex = 0; path = Pods_Twidere.framework; sourceTree = BUILT_PRODUCTS_DIR; };
		B1B80AF2808B1E6DAC3C1586 /* Pods_TwidereUITests.framework */ = {isa = PBXFileReference; explicitFileType = wrapper.framework; includeInIndex = 0; path = Pods_TwidereUITests.framework; sourceTree = BUILT_PRODUCTS_DIR; };
		C57AE426C5E708AEEDE746E0 /* SignInTypeChooserViewController.swift */ = {isa = PBXFileReference; fileEncoding = 4; lastKnownFileType = sourcecode.swift; path = SignInTypeChooserViewController.swift; sourceTree = "<group>"; };
		C57AE82AEE2AE1849333E3D7 /* MainViewController.swift */ = {isa = PBXFileReference; fileEncoding = 4; lastKnownFileType = sourcecode.swift; path = MainViewController.swift; sourceTree = "<group>"; };
		C57AE9F82D9ADF48C0A797E1 /* APIEditorViewController.swift */ = {isa = PBXFileReference; fileEncoding = 4; lastKnownFileType = sourcecode.swift; path = APIEditorViewController.swift; sourceTree = "<group>"; };
		C57AEB3535693D8CE56A2757 /* KotlinLike.swift */ = {isa = PBXFileReference; fileEncoding = 4; lastKnownFileType = sourcecode.swift; path = KotlinLike.swift; sourceTree = "<group>"; };
		C57AEEC64C3384DE54C892CF /* SignInViewController.swift */ = {isa = PBXFileReference; fileEncoding = 4; lastKnownFileType = sourcecode.swift; path = SignInViewController.swift; sourceTree = "<group>"; };
		CE0529E31CF7F35300E06364 /* Twidere.app */ = {isa = PBXFileReference; explicitFileType = wrapper.application; includeInIndex = 0; path = Twidere.app; sourceTree = BUILT_PRODUCTS_DIR; };
		CE0529E61CF7F35300E06364 /* AppDelegate.swift */ = {isa = PBXFileReference; lastKnownFileType = sourcecode.swift; lineEnding = 0; path = AppDelegate.swift; sourceTree = "<group>"; xcLanguageSpecificationIdentifier = xcode.lang.swift; };
		CE0529F01CF7F35300E06364 /* Assets.xcassets */ = {isa = PBXFileReference; lastKnownFileType = folder.assetcatalog; path = Assets.xcassets; sourceTree = "<group>"; };
		CE0529F51CF7F35300E06364 /* Info.plist */ = {isa = PBXFileReference; lastKnownFileType = text.plist.xml; path = Info.plist; sourceTree = "<group>"; };
		CE0529FA1CF7F35300E06364 /* TwidereTests.xctest */ = {isa = PBXFileReference; explicitFileType = wrapper.cfbundle; includeInIndex = 0; path = TwidereTests.xctest; sourceTree = BUILT_PRODUCTS_DIR; };
		CE0529FE1CF7F35300E06364 /* TwidereTests.swift */ = {isa = PBXFileReference; lastKnownFileType = sourcecode.swift; path = TwidereTests.swift; sourceTree = "<group>"; };
		CE052A001CF7F35300E06364 /* Info.plist */ = {isa = PBXFileReference; lastKnownFileType = text.plist.xml; path = Info.plist; sourceTree = "<group>"; };
		CE052A051CF7F35300E06364 /* TwidereUITests.xctest */ = {isa = PBXFileReference; explicitFileType = wrapper.cfbundle; includeInIndex = 0; path = TwidereUITests.xctest; sourceTree = BUILT_PRODUCTS_DIR; };
		CE052A091CF7F35300E06364 /* TwidereUITests.swift */ = {isa = PBXFileReference; lastKnownFileType = sourcecode.swift; path = TwidereUITests.swift; sourceTree = "<group>"; };
		CE052A0B1CF7F35300E06364 /* Info.plist */ = {isa = PBXFileReference; lastKnownFileType = text.plist.xml; path = Info.plist; sourceTree = "<group>"; };
		CE1C4B8C1EE9A85F00E0ACB6 /* RestCommons.framework */ = {isa = PBXFileReference; explicitFileType = wrapper.framework; path = RestCommons.framework; sourceTree = BUILT_PRODUCTS_DIR; };
		CE1C4B8F1EE9A85F00E0ACB6 /* RestClient.framework */ = {isa = PBXFileReference; explicitFileType = wrapper.framework; path = RestClient.framework; sourceTree = BUILT_PRODUCTS_DIR; };
		CE1C4B921EE9A85F00E0ACB6 /* Mastodon.framework */ = {isa = PBXFileReference; explicitFileType = wrapper.framework; path = Mastodon.framework; sourceTree = BUILT_PRODUCTS_DIR; };
		CE1C4B951EE9A85F00E0ACB6 /* MicroBlog.framework */ = {isa = PBXFileReference; explicitFileType = wrapper.framework; path = MicroBlog.framework; sourceTree = BUILT_PRODUCTS_DIR; };
		CE2660181DAFD1BF007FF7CF /* StringLiteral.swift */ = {isa = PBXFileReference; fileEncoding = 4; lastKnownFileType = sourcecode.swift; path = StringLiteral.swift; sourceTree = "<group>"; };
		CE26603E1DB0638D007FF7CF /* SQLite+Array.swift */ = {isa = PBXFileReference; fileEncoding = 4; lastKnownFileType = sourcecode.swift; path = "SQLite+Array.swift"; sourceTree = "<group>"; };
		CE2A7FE31EB767B0003791F2 /* Date+MicroBlog.swift */ = {isa = PBXFileReference; fileEncoding = 4; lastKnownFileType = sourcecode.swift; path = "Date+MicroBlog.swift"; sourceTree = "<group>"; };
		CE3E5DF51D978A6100454A61 /* NSShadowExtension.swift */ = {isa = PBXFileReference; fileEncoding = 4; lastKnownFileType = sourcecode.swift; path = NSShadowExtension.swift; sourceTree = "<group>"; };
		CE401F5D463B465BB7786130 /* Pods-TwidereUITests.release.xcconfig */ = {isa = PBXFileReference; includeInIndex = 1; lastKnownFileType = text.xcconfig; name = "Pods-TwidereUITests.release.xcconfig"; path = "../Pods/Target Support Files/Pods-TwidereUITests/Pods-TwidereUITests.release.xcconfig"; sourceTree = "<group>"; };
		CE497FA81D697CEA000F16D2 /* ConvertUtils.swift */ = {isa = PBXFileReference; fileEncoding = 4; lastKnownFileType = sourcecode.swift; path = ConvertUtils.swift; sourceTree = "<group>"; };
		CE497FB51D698C98000F16D2 /* users_list.json */ = {isa = PBXFileReference; fileEncoding = 4; lastKnownFileType = text.json; path = users_list.json; sourceTree = "<group>"; };
		CE497FB61D698C98000F16D2 /* statuses_list.json */ = {isa = PBXFileReference; fileEncoding = 4; lastKnownFileType = text.json; path = statuses_list.json; sourceTree = "<group>"; };
		CE497FB91D6A8A65000F16D2 /* UserKey+Value.swift */ = {isa = PBXFileReference; fileEncoding = 4; lastKnownFileType = sourcecode.swift; path = "UserKey+Value.swift"; sourceTree = "<group>"; };
		CE497FBD1D6B01D1000F16D2 /* DateExtension.swift */ = {isa = PBXFileReference; fileEncoding = 4; lastKnownFileType = sourcecode.swift; path = DateExtension.swift; sourceTree = "<group>"; };
		CE4B1AA41D719E160017CB85 /* StringExtensions.swift */ = {isa = PBXFileReference; fileEncoding = 4; lastKnownFileType = sourcecode.swift; path = StringExtensions.swift; sourceTree = "<group>"; };
		CE65B1E71D9F546700A38A61 /* ItemIndices.swift */ = {isa = PBXFileReference; fileEncoding = 4; lastKnownFileType = sourcecode.swift; path = ItemIndices.swift; sourceTree = "<group>"; };
		CE750A461EBB4CC9003E6249 /* TwidereCore.framework */ = {isa = PBXFileReference; lastKnownFileType = wrapper.framework; name = TwidereCore.framework; path = "../../../../../Users/mariotaku/Library/Developer/Xcode/DerivedData/Twidere-dhschizzfhkqdkgwpcupdypbyxay/Build/Products/Debug-iphoneos/TwidereCore.framework"; sourceTree = "<group>"; };
		CE79C83C1DA62E56007C05F2 /* SpanItemExtension.swift */ = {isa = PBXFileReference; fileEncoding = 4; lastKnownFileType = sourcecode.swift; path = SpanItemExtension.swift; sourceTree = "<group>"; };
		CE79C83E1DA77777007C05F2 /* YYText+ALSLayouts.swift */ = {isa = PBXFileReference; fileEncoding = 4; lastKnownFileType = sourcecode.swift; path = "YYText+ALSLayouts.swift"; sourceTree = "<group>"; };
		CE79C8401DA7ACE3007C05F2 /* UIViewExtension.swift */ = {isa = PBXFileReference; fileEncoding = 4; lastKnownFileType = sourcecode.swift; path = UIViewExtension.swift; sourceTree = "<group>"; };
		CE90A55A1D7EDC9D007050E5 /* SimpleRefreshTaskParam.swift */ = {isa = PBXFileReference; fileEncoding = 4; lastKnownFileType = sourcecode.swift; path = SimpleRefreshTaskParam.swift; sourceTree = "<group>"; };
		CE95747C1D3210A300504D52 /* CustomAPIConfig.swift */ = {isa = PBXFileReference; fileEncoding = 4; lastKnownFileType = sourcecode.swift; path = CustomAPIConfig.swift; sourceTree = "<group>"; };
		CE95747F1D3216BC00504D52 /* ServiceConstants.swift */ = {isa = PBXFileReference; fileEncoding = 4; lastKnownFileType = sourcecode.swift; path = ServiceConstants.swift; sourceTree = "<group>"; };
		CE9574811D32186A00504D52 /* UIConstants.swift */ = {isa = PBXFileReference; fileEncoding = 4; lastKnownFileType = sourcecode.swift; path = UIConstants.swift; sourceTree = "<group>"; };
		CE9574861D3222F500504D52 /* TwitterOAuthPasswordAuthenticator.swift */ = {isa = PBXFileReference; fileEncoding = 4; lastKnownFileType = sourcecode.swift; path = TwitterOAuthPasswordAuthenticator.swift; sourceTree = "<group>"; };
		CE9574951D33B71B00504D52 /* DefaultsKeys.swift */ = {isa = PBXFileReference; fileEncoding = 4; lastKnownFileType = sourcecode.swift; path = DefaultsKeys.swift; sourceTree = "<group>"; };
		CE9DB0481DACA34B000C150F /* Number+LocalizedString.swift */ = {isa = PBXFileReference; fileEncoding = 4; lastKnownFileType = sourcecode.swift; path = "Number+LocalizedString.swift"; sourceTree = "<group>"; };
		CEA2D6DC1EBBA250002E5762 /* Twidere-Bridging-Header.h */ = {isa = PBXFileReference; fileEncoding = 4; lastKnownFileType = sourcecode.c.h; path = "Twidere-Bridging-Header.h"; sourceTree = "<group>"; };
		CEA2D6E31EBC8D09002E5762 /* PersistableUserExtension.swift */ = {isa = PBXFileReference; fileEncoding = 4; lastKnownFileType = sourcecode.swift; path = PersistableUserExtension.swift; sourceTree = "<group>"; };
		CEA2E2A91D34C2090095BC57 /* DefaultAPIConfig.plist */ = {isa = PBXFileReference; fileEncoding = 4; lastKnownFileType = text.plist.xml; path = DefaultAPIConfig.plist; sourceTree = "<group>"; };
		CEA2E2BD1D3761780095BC57 /* StatusUpdate.swift */ = {isa = PBXFileReference; fileEncoding = 4; lastKnownFileType = sourcecode.swift; path = StatusUpdate.swift; sourceTree = "<group>"; };
		CEA2E2C01D379CD90095BC57 /* CoreLocationExtensions.swift */ = {isa = PBXFileReference; fileEncoding = 4; lastKnownFileType = sourcecode.swift; path = CoreLocationExtensions.swift; sourceTree = "<group>"; };
		CEA2E2CC1D3A732C0095BC57 /* AccountUtils.swift */ = {isa = PBXFileReference; fileEncoding = 4; lastKnownFileType = sourcecode.swift; path = AccountUtils.swift; sourceTree = "<group>"; };
		CEA2E2CE1D3A779B0095BC57 /* UIImageViewExtension.swift */ = {isa = PBXFileReference; fileEncoding = 4; lastKnownFileType = sourcecode.swift; path = UIImageViewExtension.swift; sourceTree = "<group>"; };
		CEBECFB61DA9EBD300350383 /* CALayerExtension.swift */ = {isa = PBXFileReference; fileEncoding = 4; lastKnownFileType = sourcecode.swift; path = CALayerExtension.swift; sourceTree = "<group>"; };
		CEBECFC11DAA2F4500350383 /* UIViewControllerPreviewingExtension.swift */ = {isa = PBXFileReference; fileEncoding = 4; lastKnownFileType = sourcecode.swift; path = UIViewControllerPreviewingExtension.swift; sourceTree = "<group>"; };
		CEBECFC91DAB8AD900350383 /* CollectionUtils.swift */ = {isa = PBXFileReference; fileEncoding = 4; lastKnownFileType = sourcecode.swift; path = CollectionUtils.swift; sourceTree = "<group>"; };
		CED73F6B1D9519B80066F554 /* UIImageExtensions.swift */ = {isa = PBXFileReference; fileEncoding = 4; lastKnownFileType = sourcecode.swift; path = UIImageExtensions.swift; sourceTree = "<group>"; };
		CED73F6D1D953C6E0066F554 /* UIBarButtonItemExtension.swift */ = {isa = PBXFileReference; fileEncoding = 4; lastKnownFileType = sourcecode.swift; path = UIBarButtonItemExtension.swift; sourceTree = "<group>"; };
		CEDC3B1E1D7D82370082A8BA /* CoreConstants.swift */ = {isa = PBXFileReference; fileEncoding = 4; lastKnownFileType = sourcecode.swift; path = CoreConstants.swift; sourceTree = "<group>"; };
		CEDC3B201D7D87F80082A8BA /* SQLite+UserVersion.swift */ = {isa = PBXFileReference; fileEncoding = 4; lastKnownFileType = sourcecode.swift; path = "SQLite+UserVersion.swift"; sourceTree = "<group>"; };
		CEDC3B271D7DAE2C0082A8BA /* RefreshTaskParam.swift */ = {isa = PBXFileReference; fileEncoding = 4; lastKnownFileType = sourcecode.swift; path = RefreshTaskParam.swift; sourceTree = "<group>"; };
		CEDC3B291D7DB04F0082A8BA /* Paging.swift */ = {isa = PBXFileReference; fileEncoding = 4; lastKnownFileType = sourcecode.swift; path = Paging.swift; sourceTree = "<group>"; };
		CEDC3B311D7E5FB30082A8BA /* DatabaseConstants.swift */ = {isa = PBXFileReference; fileEncoding = 4; lastKnownFileType = sourcecode.swift; path = DatabaseConstants.swift; sourceTree = "<group>"; };
		CEDEE3F41D9270BA00001BE8 /* UIRefreshControlExtension.swift */ = {isa = PBXFileReference; fileEncoding = 4; lastKnownFileType = sourcecode.swift; path = UIRefreshControlExtension.swift; sourceTree = "<group>"; };
		CEEF42B81DB669C2009ECD0F /* YYTextExtension.swift */ = {isa = PBXFileReference; fileEncoding = 4; lastKnownFileType = sourcecode.swift; path = YYTextExtension.swift; sourceTree = "<group>"; };
		CEEF42BA1DB9D650009ECD0F /* Promise+TaskMessage.swift */ = {isa = PBXFileReference; fileEncoding = 4; lastKnownFileType = sourcecode.swift; path = "Promise+TaskMessage.swift"; sourceTree = "<group>"; };
		DEE938E97F4D1FE22CCACCDC /* Pods-TwidereTests.release.xcconfig */ = {isa = PBXFileReference; includeInIndex = 1; lastKnownFileType = text.xcconfig; name = "Pods-TwidereTests.release.xcconfig"; path = "../Pods/Target Support Files/Pods-TwidereTests/Pods-TwidereTests.release.xcconfig"; sourceTree = "<group>"; };
		E56F089908A24274C5235197 /* Pods-TwidereTests.debug.xcconfig */ = {isa = PBXFileReference; includeInIndex = 1; lastKnownFileType = text.xcconfig; name = "Pods-TwidereTests.debug.xcconfig"; path = "../Pods/Target Support Files/Pods-TwidereTests/Pods-TwidereTests.debug.xcconfig"; sourceTree = "<group>"; };
/* End PBXFileReference section */

/* Begin PBXFrameworksBuildPhase section */
		CE0529E01CF7F35300E06364 /* Frameworks */ = {
			isa = PBXFrameworksBuildPhase;
			buildActionMask = 2147483647;
			files = (
				CE1C4B931EE9A85F00E0ACB6 /* Mastodon.framework in Frameworks */,
				CE1C4B901EE9A85F00E0ACB6 /* RestClient.framework in Frameworks */,
				CE1C4B961EE9A85F00E0ACB6 /* MicroBlog.framework in Frameworks */,
				CE1C4B8D1EE9A85F00E0ACB6 /* RestCommons.framework in Frameworks */,
				CE1C4B9A1EE9A88100E0ACB6 /* TwidereCore.framework in Frameworks */,
				81A3C3B69C528DE82A413A24 /* Pods_Twidere.framework in Frameworks */,
			);
			runOnlyForDeploymentPostprocessing = 0;
		};
		CE0529F71CF7F35300E06364 /* Frameworks */ = {
			isa = PBXFrameworksBuildPhase;
			buildActionMask = 2147483647;
			files = (
				93E97A3FFD734845704AF5A8 /* Pods_TwidereTests.framework in Frameworks */,
			);
			runOnlyForDeploymentPostprocessing = 0;
		};
		CE052A021CF7F35300E06364 /* Frameworks */ = {
			isa = PBXFrameworksBuildPhase;
			buildActionMask = 2147483647;
			files = (
				0FA31879CDAA65A3DCCCBB21 /* Pods_TwidereUITests.framework in Frameworks */,
			);
			runOnlyForDeploymentPostprocessing = 0;
		};
/* End PBXFrameworksBuildPhase section */

/* Begin PBXGroup section */
		0F80558F5C8F18CCEBAD61DC /* Frameworks */ = {
			isa = PBXGroup;
			children = (
				CE750A461EBB4CC9003E6249 /* TwidereCore.framework */,
				8B92684093EC59E031643BAD /* Pods_Twidere.framework */,
				1B4E8E9FB29E0AC621059C18 /* Pods_TwidereTests.framework */,
				B1B80AF2808B1E6DAC3C1586 /* Pods_TwidereUITests.framework */,
			);
			name = Frameworks;
			sourceTree = "<group>";
		};
		17571A8053D675BCC70E559C /* Pods */ = {
			isa = PBXGroup;
			children = (
				046CC3C499EB77C6A40118F8 /* Pods-Twidere.debug.xcconfig */,
				202F33C6047810AE3F0CF489 /* Pods-Twidere.release.xcconfig */,
				E56F089908A24274C5235197 /* Pods-TwidereTests.debug.xcconfig */,
				DEE938E97F4D1FE22CCACCDC /* Pods-TwidereTests.release.xcconfig */,
				31A137A958AD98070F9D8AC5 /* Pods-TwidereUITests.debug.xcconfig */,
				CE401F5D463B465BB7786130 /* Pods-TwidereUITests.release.xcconfig */,
			);
			name = Pods;
			sourceTree = "<group>";
		};
		C57AEB0A12A4F46ECC4BB093 /* ViewControllers */ = {
			isa = PBXGroup;
			children = (
				C57AE82AEE2AE1849333E3D7 /* MainViewController.swift */,
				C57AEF64FC5313A7F860CE41 /* SignIn */,
			);
			path = ViewControllers;
			sourceTree = "<group>";
		};
		C57AEF64FC5313A7F860CE41 /* SignIn */ = {
			isa = PBXGroup;
			children = (
				C57AEEC64C3384DE54C892CF /* SignInViewController.swift */,
				C57AE426C5E708AEEDE746E0 /* SignInTypeChooserViewController.swift */,
				C57AE9F82D9ADF48C0A797E1 /* APIEditorViewController.swift */,
			);
			path = SignIn;
			sourceTree = "<group>";
		};
		CE0529DA1CF7F35300E06364 = {
			isa = PBXGroup;
			children = (
				CE1C4B951EE9A85F00E0ACB6 /* MicroBlog.framework */,
				CE1C4B921EE9A85F00E0ACB6 /* Mastodon.framework */,
				CE1C4B8F1EE9A85F00E0ACB6 /* RestClient.framework */,
				CE1C4B8C1EE9A85F00E0ACB6 /* RestCommons.framework */,
				0F80558F5C8F18CCEBAD61DC /* Frameworks */,
				CE2660201DAFDD79007FF7CF /* Generated */,
				CE0529E41CF7F35300E06364 /* Products */,
				CEA2E2B71D368BCF0095BC57 /* Resources */,
				CE0529E51CF7F35300E06364 /* Sources */,
				CE0529FD1CF7F35300E06364 /* Tests */,
				CE052A081CF7F35300E06364 /* UITests */,
				17571A8053D675BCC70E559C /* Pods */,
			);
			sourceTree = "<group>";
		};
		CE0529E41CF7F35300E06364 /* Products */ = {
			isa = PBXGroup;
			children = (
				CE0529E31CF7F35300E06364 /* Twidere.app */,
				CE0529FA1CF7F35300E06364 /* TwidereTests.xctest */,
				CE052A051CF7F35300E06364 /* TwidereUITests.xctest */,
			);
			name = Products;
			sourceTree = "<group>";
		};
		CE0529E51CF7F35300E06364 /* Sources */ = {
			isa = PBXGroup;
			children = (
				CE95747E1D32169D00504D52 /* Constants */,
				CEA2E2BF1D379CB10095BC57 /* Extensions */,
				CE95747B1D32107800504D52 /* Models */,
				CED41F3C1D30D2C80089E0B6 /* Services */,
				CE497F911D6958F7000F16D2 /* UI */,
				CE9574941D33B6EA00504D52 /* Utils */,
				CE0529E61CF7F35300E06364 /* AppDelegate.swift */,
				CE0529F51CF7F35300E06364 /* Info.plist */,
				CEA2D6DC1EBBA250002E5762 /* Twidere-Bridging-Header.h */,
				C57AEB0A12A4F46ECC4BB093 /* ViewControllers */,
			);
			path = Sources;
			sourceTree = "<group>";
		};
		CE0529FD1CF7F35300E06364 /* Tests */ = {
			isa = PBXGroup;
			children = (
				CE052A001CF7F35300E06364 /* Info.plist */,
				CE0529FE1CF7F35300E06364 /* TwidereTests.swift */,
			);
			path = Tests;
			sourceTree = "<group>";
		};
		CE052A081CF7F35300E06364 /* UITests */ = {
			isa = PBXGroup;
			children = (
				CE052A0B1CF7F35300E06364 /* Info.plist */,
				CE052A091CF7F35300E06364 /* TwidereUITests.swift */,
			);
			path = UITests;
			sourceTree = "<group>";
		};
		CE2660201DAFDD79007FF7CF /* Generated */ = {
			isa = PBXGroup;
			children = (
			);
			path = Generated;
			sourceTree = "<group>";
		};
		CE29039C1D4CEF0B0056D0E2 /* Model */ = {
			isa = PBXGroup;
			children = (
				CE2A7FE31EB767B0003791F2 /* Date+MicroBlog.swift */,
				CE79C83C1DA62E56007C05F2 /* SpanItemExtension.swift */,
				CE497FB91D6A8A65000F16D2 /* UserKey+Value.swift */,
			);
			path = Model;
			sourceTree = "<group>";
		};
		CE497F911D6958F7000F16D2 /* UI */ = {
			isa = PBXGroup;
			children = (
			);
			path = UI;
			sourceTree = "<group>";
		};
		CE497FBF1D6B08B4000F16D2 /* SQLite */ = {
			isa = PBXGroup;
			children = (
				CE26603E1DB0638D007FF7CF /* SQLite+Array.swift */,
				CEDC3B201D7D87F80082A8BA /* SQLite+UserVersion.swift */,
			);
			path = SQLite;
			sourceTree = "<group>";
		};
		CE95747B1D32107800504D52 /* Models */ = {
			isa = PBXGroup;
			children = (
				CE95747C1D3210A300504D52 /* CustomAPIConfig.swift */,
				CE65B1E71D9F546700A38A61 /* ItemIndices.swift */,
				CEDC3B291D7DB04F0082A8BA /* Paging.swift */,
				CEDC3B271D7DAE2C0082A8BA /* RefreshTaskParam.swift */,
				CE90A55A1D7EDC9D007050E5 /* SimpleRefreshTaskParam.swift */,
				CEA2E2BD1D3761780095BC57 /* StatusUpdate.swift */,
			);
			path = Models;
			sourceTree = "<group>";
		};
		CE95747E1D32169D00504D52 /* Constants */ = {
			isa = PBXGroup;
			children = (
				CEDC3B1E1D7D82370082A8BA /* CoreConstants.swift */,
				CEDC3B311D7E5FB30082A8BA /* DatabaseConstants.swift */,
				CE95747F1D3216BC00504D52 /* ServiceConstants.swift */,
				CE9574811D32186A00504D52 /* UIConstants.swift */,
			);
			path = Constants;
			sourceTree = "<group>";
		};
		CE9574941D33B6EA00504D52 /* Utils */ = {
			isa = PBXGroup;
			children = (
				CEA2E2CC1D3A732C0095BC57 /* AccountUtils.swift */,
				CEBECFC91DAB8AD900350383 /* CollectionUtils.swift */,
				CE497FA81D697CEA000F16D2 /* ConvertUtils.swift */,
				CE9574951D33B71B00504D52 /* DefaultsKeys.swift */,
			);
			path = Utils;
			sourceTree = "<group>";
		};
		CEA2E2A81D34C1EF0095BC57 /* Data */ = {
			isa = PBXGroup;
			children = (
				CEA2E2A91D34C2090095BC57 /* DefaultAPIConfig.plist */,
				CE497FB61D698C98000F16D2 /* statuses_list.json */,
				CE497FB51D698C98000F16D2 /* users_list.json */,
			);
			path = Data;
			sourceTree = "<group>";
		};
		CEA2E2B71D368BCF0095BC57 /* Resources */ = {
			isa = PBXGroup;
			children = (
				CEA2E2A81D34C1EF0095BC57 /* Data */,
				CE0529F01CF7F35300E06364 /* Assets.xcassets */,
			);
			path = Resources;
			sourceTree = "<group>";
		};
		CEA2E2BF1D379CB10095BC57 /* Extensions */ = {
			isa = PBXGroup;
			children = (
				CE29039C1D4CEF0B0056D0E2 /* Model */,
				CE497FBF1D6B08B4000F16D2 /* SQLite */,
				CEBECFB61DA9EBD300350383 /* CALayerExtension.swift */,
				CEA2E2C01D379CD90095BC57 /* CoreLocationExtensions.swift */,
				CE497FBD1D6B01D1000F16D2 /* DateExtension.swift */,
				CE3E5DF51D978A6100454A61 /* NSShadowExtension.swift */,
				CE9DB0481DACA34B000C150F /* Number+LocalizedString.swift */,
				CEA2D6E31EBC8D09002E5762 /* PersistableUserExtension.swift */,
				CEEF42BA1DB9D650009ECD0F /* Promise+TaskMessage.swift */,
				CE4B1AA41D719E160017CB85 /* StringExtensions.swift */,
				CE2660181DAFD1BF007FF7CF /* StringLiteral.swift */,
				CED73F6D1D953C6E0066F554 /* UIBarButtonItemExtension.swift */,
				CED73F6B1D9519B80066F554 /* UIImageExtensions.swift */,
				CEA2E2CE1D3A779B0095BC57 /* UIImageViewExtension.swift */,
				CEDEE3F41D9270BA00001BE8 /* UIRefreshControlExtension.swift */,
				CEBECFC11DAA2F4500350383 /* UIViewControllerPreviewingExtension.swift */,
				CE79C8401DA7ACE3007C05F2 /* UIViewExtension.swift */,
				CE79C83E1DA77777007C05F2 /* YYText+ALSLayouts.swift */,
				CEEF42B81DB669C2009ECD0F /* YYTextExtension.swift */,
				C57AEB3535693D8CE56A2757 /* KotlinLike.swift */,
			);
			path = Extensions;
			sourceTree = "<group>";
		};
		CED41F3C1D30D2C80089E0B6 /* Services */ = {
			isa = PBXGroup;
			children = (
				CED41F3F1D30E6760089E0B6 /* MicroBlog */,
			);
			path = Services;
			sourceTree = "<group>";
		};
		CED41F3F1D30E6760089E0B6 /* MicroBlog */ = {
			isa = PBXGroup;
			children = (
				CE9574861D3222F500504D52 /* TwitterOAuthPasswordAuthenticator.swift */,
			);
			path = MicroBlog;
			sourceTree = "<group>";
		};
/* End PBXGroup section */

/* Begin PBXNativeTarget section */
		CE0529E21CF7F35300E06364 /* Twidere */ = {
			isa = PBXNativeTarget;
			buildConfigurationList = CE052A0E1CF7F35300E06364 /* Build configuration list for PBXNativeTarget "Twidere" */;
			buildPhases = (
				F3E579ACBDAC167669827767 /* [CP] Check Pods Manifest.lock */,
				CE0529DF1CF7F35300E06364 /* Sources */,
				CE0529E01CF7F35300E06364 /* Frameworks */,
				CE0529E11CF7F35300E06364 /* Resources */,
				CE6ED1671DFC4F7D001756DD /* ShellScript */,
				F66D6778B11783262BF40871 /* [CP] Embed Pods Frameworks */,
				4F6235616C91823F5948776F /* [CP] Copy Pods Resources */,
				CE1C4B8B1EE9A7F700E0ACB6 /* Embed Frameworks */,
			);
			buildRules = (
			);
			dependencies = (
			);
			name = Twidere;
			productName = Twidere;
			productReference = CE0529E31CF7F35300E06364 /* Twidere.app */;
			productType = "com.apple.product-type.application";
		};
		CE0529F91CF7F35300E06364 /* TwidereTests */ = {
			isa = PBXNativeTarget;
			buildConfigurationList = CE052A111CF7F35300E06364 /* Build configuration list for PBXNativeTarget "TwidereTests" */;
			buildPhases = (
				C5665A0E45A84104A7B4782C /* [CP] Check Pods Manifest.lock */,
				CE0529F61CF7F35300E06364 /* Sources */,
				CE0529F71CF7F35300E06364 /* Frameworks */,
				CE0529F81CF7F35300E06364 /* Resources */,
				1FDE465C5737F42CD5796B55 /* [CP] Embed Pods Frameworks */,
				AC5683EBFF25B1F8651419BE /* [CP] Copy Pods Resources */,
			);
			buildRules = (
			);
			dependencies = (
				CE0529FC1CF7F35300E06364 /* PBXTargetDependency */,
			);
			name = TwidereTests;
			productName = TwidereTests;
			productReference = CE0529FA1CF7F35300E06364 /* TwidereTests.xctest */;
			productType = "com.apple.product-type.bundle.unit-test";
		};
		CE052A041CF7F35300E06364 /* TwidereUITests */ = {
			isa = PBXNativeTarget;
			buildConfigurationList = CE052A141CF7F35300E06364 /* Build configuration list for PBXNativeTarget "TwidereUITests" */;
			buildPhases = (
				D87B4F144523EF3EFC858A16 /* [CP] Check Pods Manifest.lock */,
				CE052A011CF7F35300E06364 /* Sources */,
				CE052A021CF7F35300E06364 /* Frameworks */,
				CE052A031CF7F35300E06364 /* Resources */,
				EA3952D87F63183DE8082485 /* [CP] Embed Pods Frameworks */,
				AB196088291032D80F7543B8 /* [CP] Copy Pods Resources */,
			);
			buildRules = (
			);
			dependencies = (
				CE052A071CF7F35300E06364 /* PBXTargetDependency */,
			);
			name = TwidereUITests;
			productName = TwidereUITests;
			productReference = CE052A051CF7F35300E06364 /* TwidereUITests.xctest */;
			productType = "com.apple.product-type.bundle.ui-testing";
		};
/* End PBXNativeTarget section */

/* Begin PBXProject section */
		CE0529DB1CF7F35300E06364 /* Project object */ = {
			isa = PBXProject;
			attributes = {
				LastSwiftUpdateCheck = 0730;
				LastUpgradeCheck = 0800;
				ORGANIZATIONNAME = "Mariotaku Dev";
				TargetAttributes = {
					CE0529E21CF7F35300E06364 = {
						CreatedOnToolsVersion = 7.3.1;
						DevelopmentTeam = 595YVW4RAU;
						LastSwiftMigration = 0800;
						ProvisioningStyle = Automatic;
					};
					CE0529F91CF7F35300E06364 = {
						CreatedOnToolsVersion = 7.3.1;
						DevelopmentTeam = K5277Y55W8;
						LastSwiftMigration = 0800;
						TestTargetID = CE0529E21CF7F35300E06364;
					};
					CE052A041CF7F35300E06364 = {
						CreatedOnToolsVersion = 7.3.1;
						DevelopmentTeam = K5277Y55W8;
						LastSwiftMigration = 0800;
						TestTargetID = CE0529E21CF7F35300E06364;
					};
				};
			};
			buildConfigurationList = CE0529DE1CF7F35300E06364 /* Build configuration list for PBXProject "Twidere" */;
			compatibilityVersion = "Xcode 3.2";
			developmentRegion = English;
			hasScannedForEncodings = 0;
			knownRegions = (
				en,
				Base,
			);
			mainGroup = CE0529DA1CF7F35300E06364;
			productRefGroup = CE0529E41CF7F35300E06364 /* Products */;
			projectDirPath = "";
			projectRoot = "";
			targets = (
				CE0529E21CF7F35300E06364 /* Twidere */,
				CE0529F91CF7F35300E06364 /* TwidereTests */,
				CE052A041CF7F35300E06364 /* TwidereUITests */,
			);
		};
/* End PBXProject section */

/* Begin PBXResourcesBuildPhase section */
		CE0529E11CF7F35300E06364 /* Resources */ = {
			isa = PBXResourcesBuildPhase;
			buildActionMask = 2147483647;
			files = (
				CE497FB81D698C98000F16D2 /* statuses_list.json in Resources */,
				CEA2E2AA1D34C2090095BC57 /* DefaultAPIConfig.plist in Resources */,
				CE0529F11CF7F35300E06364 /* Assets.xcassets in Resources */,
				CE497FB71D698C98000F16D2 /* users_list.json in Resources */,
			);
			runOnlyForDeploymentPostprocessing = 0;
		};
		CE0529F81CF7F35300E06364 /* Resources */ = {
			isa = PBXResourcesBuildPhase;
			buildActionMask = 2147483647;
			files = (
			);
			runOnlyForDeploymentPostprocessing = 0;
		};
		CE052A031CF7F35300E06364 /* Resources */ = {
			isa = PBXResourcesBuildPhase;
			buildActionMask = 2147483647;
			files = (
			);
			runOnlyForDeploymentPostprocessing = 0;
		};
/* End PBXResourcesBuildPhase section */

/* Begin PBXShellScriptBuildPhase section */
		1FDE465C5737F42CD5796B55 /* [CP] Embed Pods Frameworks */ = {
			isa = PBXShellScriptBuildPhase;
			buildActionMask = 2147483647;
			files = (
			);
			inputPaths = (
			);
			name = "[CP] Embed Pods Frameworks";
			outputPaths = (
			);
			runOnlyForDeploymentPostprocessing = 0;
			shellPath = /bin/sh;
			shellScript = "\"${SRCROOT}/../Pods/Target Support Files/Pods-TwidereTests/Pods-TwidereTests-frameworks.sh\"\n";
			showEnvVarsInLog = 0;
		};
		4F6235616C91823F5948776F /* [CP] Copy Pods Resources */ = {
			isa = PBXShellScriptBuildPhase;
			buildActionMask = 2147483647;
			files = (
			);
			inputPaths = (
			);
			name = "[CP] Copy Pods Resources";
			outputPaths = (
			);
			runOnlyForDeploymentPostprocessing = 0;
			shellPath = /bin/sh;
			shellScript = "\"${SRCROOT}/../Pods/Target Support Files/Pods-Twidere/Pods-Twidere-resources.sh\"\n";
			showEnvVarsInLog = 0;
		};
		AB196088291032D80F7543B8 /* [CP] Copy Pods Resources */ = {
			isa = PBXShellScriptBuildPhase;
			buildActionMask = 2147483647;
			files = (
			);
			inputPaths = (
			);
			name = "[CP] Copy Pods Resources";
			outputPaths = (
			);
			runOnlyForDeploymentPostprocessing = 0;
			shellPath = /bin/sh;
			shellScript = "\"${SRCROOT}/../Pods/Target Support Files/Pods-TwidereUITests/Pods-TwidereUITests-resources.sh\"\n";
			showEnvVarsInLog = 0;
		};
		AC5683EBFF25B1F8651419BE /* [CP] Copy Pods Resources */ = {
			isa = PBXShellScriptBuildPhase;
			buildActionMask = 2147483647;
			files = (
			);
			inputPaths = (
			);
			name = "[CP] Copy Pods Resources";
			outputPaths = (
			);
			runOnlyForDeploymentPostprocessing = 0;
			shellPath = /bin/sh;
			shellScript = "\"${SRCROOT}/../Pods/Target Support Files/Pods-TwidereTests/Pods-TwidereTests-resources.sh\"\n";
			showEnvVarsInLog = 0;
		};
		C5665A0E45A84104A7B4782C /* [CP] Check Pods Manifest.lock */ = {
			isa = PBXShellScriptBuildPhase;
			buildActionMask = 2147483647;
			files = (
			);
			inputPaths = (
			);
			name = "[CP] Check Pods Manifest.lock";
			outputPaths = (
			);
			runOnlyForDeploymentPostprocessing = 0;
			shellPath = /bin/sh;
			shellScript = "diff \"${PODS_PODFILE_DIR_PATH}/Podfile.lock\" \"${PODS_ROOT}/Manifest.lock\" > /dev/null\nif [ $? != 0 ] ; then\n    # print error to STDERR\n    echo \"error: The sandbox is not in sync with the Podfile.lock. Run 'pod install' or update your CocoaPods installation.\" >&2\n    exit 1\nfi\n";
			showEnvVarsInLog = 0;
		};
		CE6ED1671DFC4F7D001756DD /* ShellScript */ = {
			isa = PBXShellScriptBuildPhase;
			buildActionMask = 2147483647;
			files = (
			);
			inputPaths = (
			);
			outputPaths = (
			);
			runOnlyForDeploymentPostprocessing = 0;
			shellPath = /bin/sh;
			shellScript = "\"${PODS_ROOT}/Fabric/run\" dc4ee756d3b705e00011782f1426fc8656ad3bd9 86b4d243c6f85309571a2fa5a1022c1e63f4d809eb2a8874a77bb231a4b2b1d9";
		};
		D87B4F144523EF3EFC858A16 /* [CP] Check Pods Manifest.lock */ = {
			isa = PBXShellScriptBuildPhase;
			buildActionMask = 2147483647;
			files = (
			);
			inputPaths = (
			);
			name = "[CP] Check Pods Manifest.lock";
			outputPaths = (
			);
			runOnlyForDeploymentPostprocessing = 0;
			shellPath = /bin/sh;
			shellScript = "diff \"${PODS_PODFILE_DIR_PATH}/Podfile.lock\" \"${PODS_ROOT}/Manifest.lock\" > /dev/null\nif [ $? != 0 ] ; then\n    # print error to STDERR\n    echo \"error: The sandbox is not in sync with the Podfile.lock. Run 'pod install' or update your CocoaPods installation.\" >&2\n    exit 1\nfi\n";
			showEnvVarsInLog = 0;
		};
		EA3952D87F63183DE8082485 /* [CP] Embed Pods Frameworks */ = {
			isa = PBXShellScriptBuildPhase;
			buildActionMask = 2147483647;
			files = (
			);
			inputPaths = (
			);
			name = "[CP] Embed Pods Frameworks";
			outputPaths = (
			);
			runOnlyForDeploymentPostprocessing = 0;
			shellPath = /bin/sh;
			shellScript = "\"${SRCROOT}/../Pods/Target Support Files/Pods-TwidereUITests/Pods-TwidereUITests-frameworks.sh\"\n";
			showEnvVarsInLog = 0;
		};
		F3E579ACBDAC167669827767 /* [CP] Check Pods Manifest.lock */ = {
			isa = PBXShellScriptBuildPhase;
			buildActionMask = 2147483647;
			files = (
			);
			inputPaths = (
			);
			name = "[CP] Check Pods Manifest.lock";
			outputPaths = (
			);
			runOnlyForDeploymentPostprocessing = 0;
			shellPath = /bin/sh;
			shellScript = "diff \"${PODS_PODFILE_DIR_PATH}/Podfile.lock\" \"${PODS_ROOT}/Manifest.lock\" > /dev/null\nif [ $? != 0 ] ; then\n    # print error to STDERR\n    echo \"error: The sandbox is not in sync with the Podfile.lock. Run 'pod install' or update your CocoaPods installation.\" >&2\n    exit 1\nfi\n";
			showEnvVarsInLog = 0;
		};
		F66D6778B11783262BF40871 /* [CP] Embed Pods Frameworks */ = {
			isa = PBXShellScriptBuildPhase;
			buildActionMask = 2147483647;
			files = (
			);
			inputPaths = (
			);
			name = "[CP] Embed Pods Frameworks";
			outputPaths = (
			);
			runOnlyForDeploymentPostprocessing = 0;
			shellPath = /bin/sh;
			shellScript = "\"${SRCROOT}/../Pods/Target Support Files/Pods-Twidere/Pods-Twidere-frameworks.sh\"\n";
			showEnvVarsInLog = 0;
		};
/* End PBXShellScriptBuildPhase section */

/* Begin PBXSourcesBuildPhase section */
		CE0529DF1CF7F35300E06364 /* Sources */ = {
			isa = PBXSourcesBuildPhase;
			buildActionMask = 2147483647;
			files = (
				CEA2D6E41EBC8D09002E5762 /* PersistableUserExtension.swift in Sources */,
				CE79C83D1DA62E56007C05F2 /* SpanItemExtension.swift in Sources */,
				CE9574961D33B71B00504D52 /* DefaultsKeys.swift in Sources */,
				CEDC3B2A1D7DB04F0082A8BA /* Paging.swift in Sources */,
				CED73F6C1D9519B80066F554 /* UIImageExtensions.swift in Sources */,
				CEDEE3F51D9270BA00001BE8 /* UIRefreshControlExtension.swift in Sources */,
				CEBECFCA1DAB8AD900350383 /* CollectionUtils.swift in Sources */,
				CE65B1E81D9F546700A38A61 /* ItemIndices.swift in Sources */,
				CE79C83F1DA77777007C05F2 /* YYText+ALSLayouts.swift in Sources */,
				CEBECFB71DA9EBD300350383 /* CALayerExtension.swift in Sources */,
				CE497FBE1D6B01D1000F16D2 /* DateExtension.swift in Sources */,
				CE9574801D3216BC00504D52 /* ServiceConstants.swift in Sources */,
				CEDC3B211D7D87F80082A8BA /* SQLite+UserVersion.swift in Sources */,
				CE4B1AA51D719E160017CB85 /* StringExtensions.swift in Sources */,
				CE0529E71CF7F35300E06364 /* AppDelegate.swift in Sources */,
				CEBECFC21DAA2F4500350383 /* UIViewControllerPreviewingExtension.swift in Sources */,
				CE9574871D3222F500504D52 /* TwitterOAuthPasswordAuthenticator.swift in Sources */,
				CEA2E2C11D379CD90095BC57 /* CoreLocationExtensions.swift in Sources */,
				CE2A7FE41EB767B0003791F2 /* Date+MicroBlog.swift in Sources */,
				CE3E5DF61D978A6100454A61 /* NSShadowExtension.swift in Sources */,
				CE2660191DAFD1BF007FF7CF /* StringLiteral.swift in Sources */,
				CEDC3B281D7DAE2C0082A8BA /* RefreshTaskParam.swift in Sources */,
				CED73F6E1D953C6E0066F554 /* UIBarButtonItemExtension.swift in Sources */,
				CEA2E2CD1D3A732C0095BC57 /* AccountUtils.swift in Sources */,
				CEEF42BB1DB9D650009ECD0F /* Promise+TaskMessage.swift in Sources */,
				CE497FBA1D6A8A65000F16D2 /* UserKey+Value.swift in Sources */,
				CEA2E2BE1D3761780095BC57 /* StatusUpdate.swift in Sources */,
				CE90A55B1D7EDC9D007050E5 /* SimpleRefreshTaskParam.swift in Sources */,
				CEDC3B321D7E5FB30082A8BA /* DatabaseConstants.swift in Sources */,
				CEA2E2CF1D3A779B0095BC57 /* UIImageViewExtension.swift in Sources */,
				CEDC3B1F1D7D82370082A8BA /* CoreConstants.swift in Sources */,
				CEEF42B91DB669C2009ECD0F /* YYTextExtension.swift in Sources */,
				CE95747D1D3210A300504D52 /* CustomAPIConfig.swift in Sources */,
				CE9DB0491DACA34B000C150F /* Number+LocalizedString.swift in Sources */,
				CE9574821D32186A00504D52 /* UIConstants.swift in Sources */,
				CE26603F1DB0638D007FF7CF /* SQLite+Array.swift in Sources */,
				CE79C8411DA7ACE3007C05F2 /* UIViewExtension.swift in Sources */,
				CE497FA91D697CEA000F16D2 /* ConvertUtils.swift in Sources */,
				C57AEC11BFB85E10DFE1F32F /* MainViewController.swift in Sources */,
				C57AE1A31B6DF18B3E70D32D /* KotlinLike.swift in Sources */,
				C57AE697654117B8C3334C5F /* SignInViewController.swift in Sources */,
				C57AED9EEAEFD6F2EE84F9E2 /* SignInTypeChooserViewController.swift in Sources */,
				C57AE02C60DD869308BC46A2 /* APIEditorViewController.swift in Sources */,
			);
			runOnlyForDeploymentPostprocessing = 0;
		};
		CE0529F61CF7F35300E06364 /* Sources */ = {
			isa = PBXSourcesBuildPhase;
			buildActionMask = 2147483647;
			files = (
				CE0529FF1CF7F35300E06364 /* TwidereTests.swift in Sources */,
			);
			runOnlyForDeploymentPostprocessing = 0;
		};
		CE052A011CF7F35300E06364 /* Sources */ = {
			isa = PBXSourcesBuildPhase;
			buildActionMask = 2147483647;
			files = (
				CE052A0A1CF7F35300E06364 /* TwidereUITests.swift in Sources */,
			);
			runOnlyForDeploymentPostprocessing = 0;
		};
/* End PBXSourcesBuildPhase section */

/* Begin PBXTargetDependency section */
		CE0529FC1CF7F35300E06364 /* PBXTargetDependency */ = {
			isa = PBXTargetDependency;
			target = CE0529E21CF7F35300E06364 /* Twidere */;
			targetProxy = CE0529FB1CF7F35300E06364 /* PBXContainerItemProxy */;
		};
		CE052A071CF7F35300E06364 /* PBXTargetDependency */ = {
			isa = PBXTargetDependency;
			target = CE0529E21CF7F35300E06364 /* Twidere */;
			targetProxy = CE052A061CF7F35300E06364 /* PBXContainerItemProxy */;
		};
/* End PBXTargetDependency section */

/* Begin XCBuildConfiguration section */
		CE052A0C1CF7F35300E06364 /* Debug */ = {
			isa = XCBuildConfiguration;
			buildSettings = {
				ALWAYS_EMBED_SWIFT_STANDARD_LIBRARIES = "$(inherited)";
				ALWAYS_SEARCH_USER_PATHS = NO;
				CLANG_ANALYZER_NONNULL = YES;
				CLANG_CXX_LANGUAGE_STANDARD = "gnu++0x";
				CLANG_CXX_LIBRARY = "libc++";
				CLANG_ENABLE_MODULES = YES;
				CLANG_ENABLE_OBJC_ARC = YES;
				CLANG_WARN_BOOL_CONVERSION = YES;
				CLANG_WARN_CONSTANT_CONVERSION = YES;
				CLANG_WARN_DIRECT_OBJC_ISA_USAGE = YES_ERROR;
				CLANG_WARN_EMPTY_BODY = YES;
				CLANG_WARN_ENUM_CONVERSION = YES;
				CLANG_WARN_INFINITE_RECURSION = YES;
				CLANG_WARN_INT_CONVERSION = YES;
				CLANG_WARN_OBJC_ROOT_CLASS = YES_ERROR;
				CLANG_WARN_SUSPICIOUS_MOVE = YES;
				CLANG_WARN_UNREACHABLE_CODE = YES;
				CLANG_WARN__DUPLICATE_METHOD_MATCH = YES;
				"CODE_SIGN_IDENTITY[sdk=iphoneos*]" = "iPhone Developer";
				COPY_PHASE_STRIP = NO;
				DEBUG_INFORMATION_FORMAT = dwarf;
				ENABLE_STRICT_OBJC_MSGSEND = YES;
				ENABLE_TESTABILITY = YES;
				GCC_C_LANGUAGE_STANDARD = gnu99;
				GCC_DYNAMIC_NO_PIC = NO;
				GCC_NO_COMMON_BLOCKS = YES;
				GCC_OPTIMIZATION_LEVEL = 0;
				GCC_PREPROCESSOR_DEFINITIONS = (
					"DEBUG=1",
					"$(inherited)",
				);
				GCC_WARN_64_TO_32_BIT_CONVERSION = YES;
				GCC_WARN_ABOUT_RETURN_TYPE = YES_ERROR;
				GCC_WARN_UNDECLARED_SELECTOR = YES;
				GCC_WARN_UNINITIALIZED_AUTOS = YES_AGGRESSIVE;
				GCC_WARN_UNUSED_FUNCTION = YES;
				GCC_WARN_UNUSED_VARIABLE = YES;
				IPHONEOS_DEPLOYMENT_TARGET = 9.3;
				MTL_ENABLE_DEBUG_INFO = YES;
				ONLY_ACTIVE_ARCH = YES;
				SDKROOT = iphoneos;
				SWIFT_OPTIMIZATION_LEVEL = "-Onone";
				TARGETED_DEVICE_FAMILY = "1,2";
			};
			name = Debug;
		};
		CE052A0D1CF7F35300E06364 /* Release */ = {
			isa = XCBuildConfiguration;
			buildSettings = {
				ALWAYS_EMBED_SWIFT_STANDARD_LIBRARIES = "$(inherited)";
				ALWAYS_SEARCH_USER_PATHS = NO;
				CLANG_ANALYZER_NONNULL = YES;
				CLANG_CXX_LANGUAGE_STANDARD = "gnu++0x";
				CLANG_CXX_LIBRARY = "libc++";
				CLANG_ENABLE_MODULES = YES;
				CLANG_ENABLE_OBJC_ARC = YES;
				CLANG_WARN_BOOL_CONVERSION = YES;
				CLANG_WARN_CONSTANT_CONVERSION = YES;
				CLANG_WARN_DIRECT_OBJC_ISA_USAGE = YES_ERROR;
				CLANG_WARN_EMPTY_BODY = YES;
				CLANG_WARN_ENUM_CONVERSION = YES;
				CLANG_WARN_INFINITE_RECURSION = YES;
				CLANG_WARN_INT_CONVERSION = YES;
				CLANG_WARN_OBJC_ROOT_CLASS = YES_ERROR;
				CLANG_WARN_SUSPICIOUS_MOVE = YES;
				CLANG_WARN_UNREACHABLE_CODE = YES;
				CLANG_WARN__DUPLICATE_METHOD_MATCH = YES;
				"CODE_SIGN_IDENTITY[sdk=iphoneos*]" = "iPhone Developer";
				COPY_PHASE_STRIP = NO;
				DEBUG_INFORMATION_FORMAT = "dwarf-with-dsym";
				ENABLE_NS_ASSERTIONS = NO;
				ENABLE_STRICT_OBJC_MSGSEND = YES;
				GCC_C_LANGUAGE_STANDARD = gnu99;
				GCC_NO_COMMON_BLOCKS = YES;
				GCC_WARN_64_TO_32_BIT_CONVERSION = YES;
				GCC_WARN_ABOUT_RETURN_TYPE = YES_ERROR;
				GCC_WARN_UNDECLARED_SELECTOR = YES;
				GCC_WARN_UNINITIALIZED_AUTOS = YES_AGGRESSIVE;
				GCC_WARN_UNUSED_FUNCTION = YES;
				GCC_WARN_UNUSED_VARIABLE = YES;
				IPHONEOS_DEPLOYMENT_TARGET = 9.3;
				MTL_ENABLE_DEBUG_INFO = NO;
				SDKROOT = iphoneos;
				SWIFT_OPTIMIZATION_LEVEL = "-Owholemodule";
				TARGETED_DEVICE_FAMILY = "1,2";
				VALIDATE_PRODUCT = YES;
			};
			name = Release;
		};
		CE052A0F1CF7F35300E06364 /* Debug */ = {
			isa = XCBuildConfiguration;
			baseConfigurationReference = 046CC3C499EB77C6A40118F8 /* Pods-Twidere.debug.xcconfig */;
			buildSettings = {
				ASSETCATALOG_COMPILER_APPICON_NAME = AppIcon;
				CLANG_ENABLE_MODULES = YES;
				"CODE_SIGN_IDENTITY[sdk=iphoneos*]" = "iPhone Developer";
				DEVELOPMENT_TEAM = 595YVW4RAU;
				FRAMEWORK_SEARCH_PATHS = "$(inherited)";
				INFOPLIST_FILE = Sources/Info.plist;
				LD_RUNPATH_SEARCH_PATHS = "$(inherited) @executable_path/Frameworks";
				OTHER_SWIFT_FLAGS = "$(inherited) \"-D\" \"COCOAPODS\"";
				PRODUCT_BUNDLE_IDENTIFIER = org.mariotaku.Twidere;
				PRODUCT_NAME = "$(TARGET_NAME)";
				SWIFT_OBJC_BRIDGING_HEADER = "Sources/Twidere-Bridging-Header.h";
				SWIFT_OPTIMIZATION_LEVEL = "-Onone";
				SWIFT_VERSION = 3.0;
			};
			name = Debug;
		};
		CE052A101CF7F35300E06364 /* Release */ = {
			isa = XCBuildConfiguration;
			baseConfigurationReference = 202F33C6047810AE3F0CF489 /* Pods-Twidere.release.xcconfig */;
			buildSettings = {
				ASSETCATALOG_COMPILER_APPICON_NAME = AppIcon;
				CLANG_ENABLE_MODULES = YES;
				"CODE_SIGN_IDENTITY[sdk=iphoneos*]" = "iPhone Developer";
				DEVELOPMENT_TEAM = 595YVW4RAU;
				FRAMEWORK_SEARCH_PATHS = "$(inherited)";
				INFOPLIST_FILE = Sources/Info.plist;
				LD_RUNPATH_SEARCH_PATHS = "$(inherited) @executable_path/Frameworks";
				OTHER_SWIFT_FLAGS = "$(inherited) \"-D\" \"COCOAPODS\"";
				PRODUCT_BUNDLE_IDENTIFIER = org.mariotaku.Twidere;
				PRODUCT_NAME = "$(TARGET_NAME)";
				SWIFT_OBJC_BRIDGING_HEADER = "Sources/Twidere-Bridging-Header.h";
				SWIFT_VERSION = 3.0;
			};
			name = Release;
		};
		CE052A121CF7F35300E06364 /* Debug */ = {
			isa = XCBuildConfiguration;
			baseConfigurationReference = E56F089908A24274C5235197 /* Pods-TwidereTests.debug.xcconfig */;
			buildSettings = {
				ALWAYS_EMBED_SWIFT_STANDARD_LIBRARIES = "$(inherited)";
				BUNDLE_LOADER = "$(TEST_HOST)";
				INFOPLIST_FILE = TwidereTests/Info.plist;
				LD_RUNPATH_SEARCH_PATHS = "$(inherited) @executable_path/Frameworks @loader_path/Frameworks";
				PRODUCT_BUNDLE_IDENTIFIER = org.mariotaku.TwidereTests;
				PRODUCT_NAME = "$(TARGET_NAME)";
				SWIFT_VERSION = 3.0;
				TEST_HOST = "$(BUILT_PRODUCTS_DIR)/Twidere.app/Twidere";
			};
			name = Debug;
		};
		CE052A131CF7F35300E06364 /* Release */ = {
			isa = XCBuildConfiguration;
			baseConfigurationReference = DEE938E97F4D1FE22CCACCDC /* Pods-TwidereTests.release.xcconfig */;
			buildSettings = {
				ALWAYS_EMBED_SWIFT_STANDARD_LIBRARIES = "$(inherited)";
				BUNDLE_LOADER = "$(TEST_HOST)";
				INFOPLIST_FILE = TwidereTests/Info.plist;
				LD_RUNPATH_SEARCH_PATHS = "$(inherited) @executable_path/Frameworks @loader_path/Frameworks";
				PRODUCT_BUNDLE_IDENTIFIER = org.mariotaku.TwidereTests;
				PRODUCT_NAME = "$(TARGET_NAME)";
				SWIFT_VERSION = 3.0;
				TEST_HOST = "$(BUILT_PRODUCTS_DIR)/Twidere.app/Twidere";
			};
			name = Release;
		};
		CE052A151CF7F35300E06364 /* Debug */ = {
			isa = XCBuildConfiguration;
			baseConfigurationReference = 31A137A958AD98070F9D8AC5 /* Pods-TwidereUITests.debug.xcconfig */;
			buildSettings = {
				ALWAYS_EMBED_SWIFT_STANDARD_LIBRARIES = "$(inherited)";
				INFOPLIST_FILE = TwidereUITests/Info.plist;
				LD_RUNPATH_SEARCH_PATHS = "$(inherited) @executable_path/Frameworks @loader_path/Frameworks";
				PRODUCT_BUNDLE_IDENTIFIER = org.mariotaku.TwidereUITests;
				PRODUCT_NAME = "$(TARGET_NAME)";
				SWIFT_VERSION = 3.0;
				TEST_TARGET_NAME = Twidere;
			};
			name = Debug;
		};
		CE052A161CF7F35300E06364 /* Release */ = {
			isa = XCBuildConfiguration;
			baseConfigurationReference = CE401F5D463B465BB7786130 /* Pods-TwidereUITests.release.xcconfig */;
			buildSettings = {
				ALWAYS_EMBED_SWIFT_STANDARD_LIBRARIES = "$(inherited)";
				INFOPLIST_FILE = TwidereUITests/Info.plist;
				LD_RUNPATH_SEARCH_PATHS = "$(inherited) @executable_path/Frameworks @loader_path/Frameworks";
				PRODUCT_BUNDLE_IDENTIFIER = org.mariotaku.TwidereUITests;
				PRODUCT_NAME = "$(TARGET_NAME)";
				SWIFT_VERSION = 3.0;
				TEST_TARGET_NAME = Twidere;
			};
			name = Release;
		};
/* End XCBuildConfiguration section */

/* Begin XCConfigurationList section */
		CE0529DE1CF7F35300E06364 /* Build configuration list for PBXProject "Twidere" */ = {
			isa = XCConfigurationList;
			buildConfigurations = (
				CE052A0C1CF7F35300E06364 /* Debug */,
				CE052A0D1CF7F35300E06364 /* Release */,
			);
			defaultConfigurationIsVisible = 0;
			defaultConfigurationName = Release;
		};
		CE052A0E1CF7F35300E06364 /* Build configuration list for PBXNativeTarget "Twidere" */ = {
			isa = XCConfigurationList;
			buildConfigurations = (
				CE052A0F1CF7F35300E06364 /* Debug */,
				CE052A101CF7F35300E06364 /* Release */,
			);
			defaultConfigurationIsVisible = 0;
			defaultConfigurationName = Release;
		};
		CE052A111CF7F35300E06364 /* Build configuration list for PBXNativeTarget "TwidereTests" */ = {
			isa = XCConfigurationList;
			buildConfigurations = (
				CE052A121CF7F35300E06364 /* Debug */,
				CE052A131CF7F35300E06364 /* Release */,
			);
			defaultConfigurationIsVisible = 0;
			defaultConfigurationName = Release;
		};
		CE052A141CF7F35300E06364 /* Build configuration list for PBXNativeTarget "TwidereUITests" */ = {
			isa = XCConfigurationList;
			buildConfigurations = (
				CE052A151CF7F35300E06364 /* Debug */,
				CE052A161CF7F35300E06364 /* Release */,
			);
			defaultConfigurationIsVisible = 0;
			defaultConfigurationName = Release;
		};
/* End XCConfigurationList section */
	};
	rootObject = CE0529DB1CF7F35300E06364 /* Project object */;
}
