// !$*UTF8*$!
{
	archiveVersion = 1;
	classes = {
	};
	objectVersion = 46;
	objects = {

/* Begin PBXBuildFile section */
		5EE236E547ACBEFE194924B3 /* Pods_TwidereCore.framework in Frameworks */ = {isa = PBXBuildFile; fileRef = 5BF9C6A51C84A59CCC84A725 /* Pods_TwidereCore.framework */; };
		CE750A3D1EBB3F3C003E6249 /* TwidereCore.h in Headers */ = {isa = PBXBuildFile; fileRef = CE750A3B1EBB3F3C003E6249 /* TwidereCore.h */; settings = {ATTRIBUTES = (Public, ); }; };
		CE750A631EBB4D28003E6249 /* MicroBlog.framework in Frameworks */ = {isa = PBXBuildFile; fileRef = CE750A621EBB4D09003E6249 /* MicroBlog.framework */; };
		CE750B3F1EBB6DC8003E6249 /* RestClient.framework in Frameworks */ = {isa = PBXBuildFile; fileRef = CE750B3E1EBB6DC8003E6249 /* RestClient.framework */; };
		CE750BB01EBB7E39003E6249 /* StatusExtension.swift in Sources */ = {isa = PBXBuildFile; fileRef = CE750BAE1EBB7E39003E6249 /* StatusExtension.swift */; };
		CE750BB11EBB7E39003E6249 /* UserExtension.swift in Sources */ = {isa = PBXBuildFile; fileRef = CE750BAF1EBB7E39003E6249 /* UserExtension.swift */; };
		CE750BB91EBB7E6A003E6249 /* PersistableActivity.swift in Sources */ = {isa = PBXBuildFile; fileRef = CE750BB41EBB7E6A003E6249 /* PersistableActivity.swift */; };
		CE750BBA1EBB7E6A003E6249 /* PersistableCardEntity.swift in Sources */ = {isa = PBXBuildFile; fileRef = CE750BB51EBB7E6A003E6249 /* PersistableCardEntity.swift */; };
		CE750BBB1EBB7E6A003E6249 /* PersistableLiteUser.swift in Sources */ = {isa = PBXBuildFile; fileRef = CE750BB61EBB7E6A003E6249 /* PersistableLiteUser.swift */; };
		CE750BBC1EBB7E6A003E6249 /* PersistableStatus.swift in Sources */ = {isa = PBXBuildFile; fileRef = CE750BB71EBB7E6A003E6249 /* PersistableStatus.swift */; };
		CE750BBD1EBB7E6A003E6249 /* PersistableUser.swift in Sources */ = {isa = PBXBuildFile; fileRef = CE750BB81EBB7E6A003E6249 /* PersistableUser.swift */; };
		CE750BC21EBB7EB0003E6249 /* AccountDetails.swift in Sources */ = {isa = PBXBuildFile; fileRef = CE750BC11EBB7EB0003E6249 /* AccountDetails.swift */; };
		CE750BC41EBB7EC2003E6249 /* UserKey.swift in Sources */ = {isa = PBXBuildFile; fileRef = CE750BC31EBB7EC2003E6249 /* UserKey.swift */; };
		CE750BC61EBB80C6003E6249 /* SpanItem.swift in Sources */ = {isa = PBXBuildFile; fileRef = CE750BC51EBB80C6003E6249 /* SpanItem.swift */; };
		CE750BC81EBB80F4003E6249 /* HtmlBuilder.swift in Sources */ = {isa = PBXBuildFile; fileRef = CE750BC71EBB80F4003E6249 /* HtmlBuilder.swift */; };
		CE750BCB1EBB8175003E6249 /* DateExtensions.swift in Sources */ = {isa = PBXBuildFile; fileRef = CE750BCA1EBB8175003E6249 /* DateExtensions.swift */; };
		CE750BCF1EBB8230003E6249 /* PersistableStatusExtension.swift in Sources */ = {isa = PBXBuildFile; fileRef = CE750BCE1EBB8230003E6249 /* PersistableStatusExtension.swift */; };
		CE750BD41EBB82B9003E6249 /* MediaItem.swift in Sources */ = {isa = PBXBuildFile; fileRef = CE750BD31EBB82B9003E6249 /* MediaItem.swift */; };
		CE750BD61EBB82D5003E6249 /* MentionItem.swift in Sources */ = {isa = PBXBuildFile; fileRef = CE750BD51EBB82D5003E6249 /* MentionItem.swift */; };
		CE750BE91EBB840F003E6249 /* AccountDetails.Credentials+JsonMapper.swift in Sources */ = {isa = PBXBuildFile; fileRef = CE750BDA1EBB840F003E6249 /* AccountDetails.Credentials+JsonMapper.swift */; };
		CE750BEA1EBB840F003E6249 /* AccountDetails.Extras+JsonMapper.swift in Sources */ = {isa = PBXBuildFile; fileRef = CE750BDB1EBB840F003E6249 /* AccountDetails.Extras+JsonMapper.swift */; };
		CE750BEB1EBB840F003E6249 /* MediaItem.VideoInfo.Variant+JsonMapper.swift in Sources */ = {isa = PBXBuildFile; fileRef = CE750BDC1EBB840F003E6249 /* MediaItem.VideoInfo.Variant+JsonMapper.swift */; };
		CE750BEC1EBB840F003E6249 /* MediaItem.VideoInfo+JsonMapper.swift in Sources */ = {isa = PBXBuildFile; fileRef = CE750BDD1EBB840F003E6249 /* MediaItem.VideoInfo+JsonMapper.swift */; };
		CE750BED1EBB840F003E6249 /* MediaItem+JsonMapper.swift in Sources */ = {isa = PBXBuildFile; fileRef = CE750BDE1EBB840F003E6249 /* MediaItem+JsonMapper.swift */; };
		CE750BEE1EBB840F003E6249 /* MentionItem+JsonMapper.swift in Sources */ = {isa = PBXBuildFile; fileRef = CE750BDF1EBB840F003E6249 /* MentionItem+JsonMapper.swift */; };
		CE750BEF1EBB840F003E6249 /* PersistableActivity.RelatedObject+JsonMapper.swift in Sources */ = {isa = PBXBuildFile; fileRef = CE750BE01EBB840F003E6249 /* PersistableActivity.RelatedObject+JsonMapper.swift */; };
		CE750BF01EBB840F003E6249 /* PersistableActivity.SummaryLine+JsonMapper.swift in Sources */ = {isa = PBXBuildFile; fileRef = CE750BE11EBB840F003E6249 /* PersistableActivity.SummaryLine+JsonMapper.swift */; };
		CE750BF11EBB840F003E6249 /* PersistableActivity+JsonMapper.swift in Sources */ = {isa = PBXBuildFile; fileRef = CE750BE21EBB840F003E6249 /* PersistableActivity+JsonMapper.swift */; };
		CE750BF21EBB840F003E6249 /* PersistableCardEntity+JsonMapper.swift in Sources */ = {isa = PBXBuildFile; fileRef = CE750BE31EBB840F003E6249 /* PersistableCardEntity+JsonMapper.swift */; };
		CE750BF31EBB840F003E6249 /* PersistableLiteUser+JsonMapper.swift in Sources */ = {isa = PBXBuildFile; fileRef = CE750BE41EBB840F003E6249 /* PersistableLiteUser+JsonMapper.swift */; };
		CE750BF41EBB840F003E6249 /* PersistableStatus.Extras+JsonMapper.swift in Sources */ = {isa = PBXBuildFile; fileRef = CE750BE51EBB840F003E6249 /* PersistableStatus.Extras+JsonMapper.swift */; };
		CE750BF51EBB840F003E6249 /* PersistableStatus+JsonMapper.swift in Sources */ = {isa = PBXBuildFile; fileRef = CE750BE61EBB840F003E6249 /* PersistableStatus+JsonMapper.swift */; };
		CE750BF61EBB840F003E6249 /* PersistableUser+JsonMapper.swift in Sources */ = {isa = PBXBuildFile; fileRef = CE750BE71EBB840F003E6249 /* PersistableUser+JsonMapper.swift */; };
		CE750BF71EBB840F003E6249 /* SpanItem+JsonMapper.swift in Sources */ = {isa = PBXBuildFile; fileRef = CE750BE81EBB840F003E6249 /* SpanItem+JsonMapper.swift */; };
		CE750BF91EBB854F003E6249 /* AccountCredentials.swift in Sources */ = {isa = PBXBuildFile; fileRef = CE750BF81EBB854F003E6249 /* AccountCredentials.swift */; };
		CE750BFE1EBB85DA003E6249 /* BasicCredentials+JsonMapper.swift in Sources */ = {isa = PBXBuildFile; fileRef = CE750BFA1EBB85DA003E6249 /* BasicCredentials+JsonMapper.swift */; };
		CE750BFF1EBB85DA003E6249 /* EmptyCredentials+JsonMapper.swift in Sources */ = {isa = PBXBuildFile; fileRef = CE750BFB1EBB85DA003E6249 /* EmptyCredentials+JsonMapper.swift */; };
		CE750C001EBB85DA003E6249 /* OAuth2Credentials+JsonMapper.swift in Sources */ = {isa = PBXBuildFile; fileRef = CE750BFC1EBB85DA003E6249 /* OAuth2Credentials+JsonMapper.swift */; };
		CE750C011EBB85DA003E6249 /* OAuthCredentials+JsonMapper.swift in Sources */ = {isa = PBXBuildFile; fileRef = CE750BFD1EBB85DA003E6249 /* OAuthCredentials+JsonMapper.swift */; };
		CE750C031EBB8709003E6249 /* SimpleTypesFieldConverters.swift in Sources */ = {isa = PBXBuildFile; fileRef = CE750C021EBB8709003E6249 /* SimpleTypesFieldConverters.swift */; };
		CE750C051EBB8951003E6249 /* StringExtensions.swift in Sources */ = {isa = PBXBuildFile; fileRef = CE750C041EBB8951003E6249 /* StringExtensions.swift */; };
		CE750C081EBB89AC003E6249 /* CardEntityExtension.swift in Sources */ = {isa = PBXBuildFile; fileRef = CE750C061EBB89AC003E6249 /* CardEntityExtension.swift */; };
		CE750C091EBB89AC003E6249 /* UserMentionEntityExtension.swift in Sources */ = {isa = PBXBuildFile; fileRef = CE750C071EBB89AC003E6249 /* UserMentionEntityExtension.swift */; };
		CEA2D6E01EBC1E20002E5762 /* JsonMapperExtension.swift in Sources */ = {isa = PBXBuildFile; fileRef = CEA2D6DF1EBC1E20002E5762 /* JsonMapperExtension.swift */; };
		CEA2D6E21EBC747D002E5762 /* PersistableUser.Extras+JsonMapper.swift in Sources */ = {isa = PBXBuildFile; fileRef = CEA2D6E11EBC747D002E5762 /* PersistableUser.Extras+JsonMapper.swift */; };
		CEBBC8451EE6BCAA00043809 /* AbstractTask.swift in Sources */ = {isa = PBXBuildFile; fileRef = CEBBC8441EE6BCAA00043809 /* AbstractTask.swift */; };
		CEBBC8471EE7B19800043809 /* AbsAccountRequestTask.swift in Sources */ = {isa = PBXBuildFile; fileRef = CEBBC8461EE7B19800043809 /* AbsAccountRequestTask.swift */; };
		CEBBC8491EE7D5E000043809 /* Draft.swift in Sources */ = {isa = PBXBuildFile; fileRef = CEBBC8481EE7D5E000043809 /* Draft.swift */; };
		CEBBC84B1EE7D70700043809 /* AccountDetailsExtension.swift in Sources */ = {isa = PBXBuildFile; fileRef = CEBBC84A1EE7D70700043809 /* AccountDetailsExtension.swift */; };
		CEBBC84D1EE7D99500043809 /* TwidereError.swift in Sources */ = {isa = PBXBuildFile; fileRef = CEBBC84C1EE7D99500043809 /* TwidereError.swift */; };
		CEBBC8501EE7DAE700043809 /* CreateFavoriteTask.swift in Sources */ = {isa = PBXBuildFile; fileRef = CEBBC84F1EE7DAE700043809 /* CreateFavoriteTask.swift */; };
		CEBBC8521EE7DBEE00043809 /* AccountDetails+RestClient.swift in Sources */ = {isa = PBXBuildFile; fileRef = CEBBC8511EE7DBEE00043809 /* AccountDetails+RestClient.swift */; };
		CEBBC8541EE7DC9200043809 /* ServiceConstants.swift in Sources */ = {isa = PBXBuildFile; fileRef = CEBBC8531EE7DC9200043809 /* ServiceConstants.swift */; };
/* End PBXBuildFile section */

/* Begin PBXContainerItemProxy section */
		CE750A611EBB4D09003E6249 /* PBXContainerItemProxy */ = {
			isa = PBXContainerItemProxy;
			containerPortal = CE750A5D1EBB4D08003E6249 /* MicroBlog.xcodeproj */;
			proxyType = 2;
			remoteGlobalIDString = CE750A521EBB4D08003E6249;
			remoteInfo = MicroBlog;
		};
		CE750B131EBB692A003E6249 /* PBXContainerItemProxy */ = {
			isa = PBXContainerItemProxy;
			containerPortal = CE750AAA1EBB600B003E6249 /* Mastodon.xcodeproj */;
			proxyType = 2;
			remoteGlobalIDString = CE750A9F1EBB600B003E6249;
			remoteInfo = Mastodon;
		};
/* End PBXContainerItemProxy section */

/* Begin PBXFileReference section */
		2281E0BF2DC0671EB8B723C7 /* Pods-TwidereCore.debug.xcconfig */ = {isa = PBXFileReference; includeInIndex = 1; lastKnownFileType = text.xcconfig; name = "Pods-TwidereCore.debug.xcconfig"; path = "../Pods/Target Support Files/Pods-TwidereCore/Pods-TwidereCore.debug.xcconfig"; sourceTree = "<group>"; };
		5BF9C6A51C84A59CCC84A725 /* Pods_TwidereCore.framework */ = {isa = PBXFileReference; explicitFileType = wrapper.framework; includeInIndex = 0; path = Pods_TwidereCore.framework; sourceTree = BUILT_PRODUCTS_DIR; };
		B05C38CF48F42A8EF30FF3DE /* Pods-TwidereCore.release.xcconfig */ = {isa = PBXFileReference; includeInIndex = 1; lastKnownFileType = text.xcconfig; name = "Pods-TwidereCore.release.xcconfig"; path = "../Pods/Target Support Files/Pods-TwidereCore/Pods-TwidereCore.release.xcconfig"; sourceTree = "<group>"; };
		CE750A381EBB3F3C003E6249 /* TwidereCore.framework */ = {isa = PBXFileReference; explicitFileType = wrapper.framework; includeInIndex = 0; path = TwidereCore.framework; sourceTree = BUILT_PRODUCTS_DIR; };
		CE750A3B1EBB3F3C003E6249 /* TwidereCore.h */ = {isa = PBXFileReference; lastKnownFileType = sourcecode.c.h; path = TwidereCore.h; sourceTree = "<group>"; };
		CE750A3C1EBB3F3C003E6249 /* Info.plist */ = {isa = PBXFileReference; lastKnownFileType = text.plist.xml; path = Info.plist; sourceTree = "<group>"; };
		CE750A5D1EBB4D08003E6249 /* MicroBlog.xcodeproj */ = {isa = PBXFileReference; lastKnownFileType = "wrapper.pb-project"; name = MicroBlog.xcodeproj; path = MicroBlog/MicroBlog.xcodeproj; sourceTree = "<group>"; };
		CE750AAA1EBB600B003E6249 /* Mastodon.xcodeproj */ = {isa = PBXFileReference; lastKnownFileType = "wrapper.pb-project"; name = Mastodon.xcodeproj; path = Mastodon/Mastodon.xcodeproj; sourceTree = "<group>"; };
		CE750B3E1EBB6DC8003E6249 /* RestClient.framework */ = {isa = PBXFileReference; lastKnownFileType = wrapper.framework; name = RestClient.framework; path = "../../../../../Users/mariotaku/Library/Developer/Xcode/DerivedData/Twidere-dhschizzfhkqdkgwpcupdypbyxay/Build/Products/Debug-iphoneos/RestClient.framework"; sourceTree = "<group>"; };
		CE750BAE1EBB7E39003E6249 /* StatusExtension.swift */ = {isa = PBXFileReference; fileEncoding = 4; lastKnownFileType = sourcecode.swift; path = StatusExtension.swift; sourceTree = "<group>"; };
		CE750BAF1EBB7E39003E6249 /* UserExtension.swift */ = {isa = PBXFileReference; fileEncoding = 4; lastKnownFileType = sourcecode.swift; path = UserExtension.swift; sourceTree = "<group>"; };
		CE750BB41EBB7E6A003E6249 /* PersistableActivity.swift */ = {isa = PBXFileReference; fileEncoding = 4; lastKnownFileType = sourcecode.swift; path = PersistableActivity.swift; sourceTree = "<group>"; };
		CE750BB51EBB7E6A003E6249 /* PersistableCardEntity.swift */ = {isa = PBXFileReference; fileEncoding = 4; lastKnownFileType = sourcecode.swift; path = PersistableCardEntity.swift; sourceTree = "<group>"; };
		CE750BB61EBB7E6A003E6249 /* PersistableLiteUser.swift */ = {isa = PBXFileReference; fileEncoding = 4; lastKnownFileType = sourcecode.swift; path = PersistableLiteUser.swift; sourceTree = "<group>"; };
		CE750BB71EBB7E6A003E6249 /* PersistableStatus.swift */ = {isa = PBXFileReference; fileEncoding = 4; lastKnownFileType = sourcecode.swift; path = PersistableStatus.swift; sourceTree = "<group>"; };
		CE750BB81EBB7E6A003E6249 /* PersistableUser.swift */ = {isa = PBXFileReference; fileEncoding = 4; lastKnownFileType = sourcecode.swift; path = PersistableUser.swift; sourceTree = "<group>"; };
		CE750BC11EBB7EB0003E6249 /* AccountDetails.swift */ = {isa = PBXFileReference; fileEncoding = 4; lastKnownFileType = sourcecode.swift; path = AccountDetails.swift; sourceTree = "<group>"; };
		CE750BC31EBB7EC2003E6249 /* UserKey.swift */ = {isa = PBXFileReference; fileEncoding = 4; lastKnownFileType = sourcecode.swift; path = UserKey.swift; sourceTree = "<group>"; };
		CE750BC51EBB80C6003E6249 /* SpanItem.swift */ = {isa = PBXFileReference; fileEncoding = 4; lastKnownFileType = sourcecode.swift; path = SpanItem.swift; sourceTree = "<group>"; };
		CE750BC71EBB80F4003E6249 /* HtmlBuilder.swift */ = {isa = PBXFileReference; fileEncoding = 4; lastKnownFileType = sourcecode.swift; path = HtmlBuilder.swift; sourceTree = "<group>"; };
		CE750BCA1EBB8175003E6249 /* DateExtensions.swift */ = {isa = PBXFileReference; fileEncoding = 4; lastKnownFileType = sourcecode.swift; path = DateExtensions.swift; sourceTree = "<group>"; };
		CE750BCE1EBB8230003E6249 /* PersistableStatusExtension.swift */ = {isa = PBXFileReference; fileEncoding = 4; lastKnownFileType = sourcecode.swift; path = PersistableStatusExtension.swift; sourceTree = "<group>"; };
		CE750BD31EBB82B9003E6249 /* MediaItem.swift */ = {isa = PBXFileReference; fileEncoding = 4; lastKnownFileType = sourcecode.swift; path = MediaItem.swift; sourceTree = "<group>"; };
		CE750BD51EBB82D5003E6249 /* MentionItem.swift */ = {isa = PBXFileReference; fileEncoding = 4; lastKnownFileType = sourcecode.swift; path = MentionItem.swift; sourceTree = "<group>"; };
		CE750BDA1EBB840F003E6249 /* AccountDetails.Credentials+JsonMapper.swift */ = {isa = PBXFileReference; fileEncoding = 4; lastKnownFileType = sourcecode.swift; path = "AccountDetails.Credentials+JsonMapper.swift"; sourceTree = "<group>"; };
		CE750BDB1EBB840F003E6249 /* AccountDetails.Extras+JsonMapper.swift */ = {isa = PBXFileReference; fileEncoding = 4; lastKnownFileType = sourcecode.swift; path = "AccountDetails.Extras+JsonMapper.swift"; sourceTree = "<group>"; };
		CE750BDC1EBB840F003E6249 /* MediaItem.VideoInfo.Variant+JsonMapper.swift */ = {isa = PBXFileReference; fileEncoding = 4; lastKnownFileType = sourcecode.swift; path = "MediaItem.VideoInfo.Variant+JsonMapper.swift"; sourceTree = "<group>"; };
		CE750BDD1EBB840F003E6249 /* MediaItem.VideoInfo+JsonMapper.swift */ = {isa = PBXFileReference; fileEncoding = 4; lastKnownFileType = sourcecode.swift; path = "MediaItem.VideoInfo+JsonMapper.swift"; sourceTree = "<group>"; };
		CE750BDE1EBB840F003E6249 /* MediaItem+JsonMapper.swift */ = {isa = PBXFileReference; fileEncoding = 4; lastKnownFileType = sourcecode.swift; path = "MediaItem+JsonMapper.swift"; sourceTree = "<group>"; };
		CE750BDF1EBB840F003E6249 /* MentionItem+JsonMapper.swift */ = {isa = PBXFileReference; fileEncoding = 4; lastKnownFileType = sourcecode.swift; path = "MentionItem+JsonMapper.swift"; sourceTree = "<group>"; };
		CE750BE01EBB840F003E6249 /* PersistableActivity.RelatedObject+JsonMapper.swift */ = {isa = PBXFileReference; fileEncoding = 4; lastKnownFileType = sourcecode.swift; path = "PersistableActivity.RelatedObject+JsonMapper.swift"; sourceTree = "<group>"; };
		CE750BE11EBB840F003E6249 /* PersistableActivity.SummaryLine+JsonMapper.swift */ = {isa = PBXFileReference; fileEncoding = 4; lastKnownFileType = sourcecode.swift; path = "PersistableActivity.SummaryLine+JsonMapper.swift"; sourceTree = "<group>"; };
		CE750BE21EBB840F003E6249 /* PersistableActivity+JsonMapper.swift */ = {isa = PBXFileReference; fileEncoding = 4; lastKnownFileType = sourcecode.swift; path = "PersistableActivity+JsonMapper.swift"; sourceTree = "<group>"; };
		CE750BE31EBB840F003E6249 /* PersistableCardEntity+JsonMapper.swift */ = {isa = PBXFileReference; fileEncoding = 4; lastKnownFileType = sourcecode.swift; path = "PersistableCardEntity+JsonMapper.swift"; sourceTree = "<group>"; };
		CE750BE41EBB840F003E6249 /* PersistableLiteUser+JsonMapper.swift */ = {isa = PBXFileReference; fileEncoding = 4; lastKnownFileType = sourcecode.swift; path = "PersistableLiteUser+JsonMapper.swift"; sourceTree = "<group>"; };
		CE750BE51EBB840F003E6249 /* PersistableStatus.Extras+JsonMapper.swift */ = {isa = PBXFileReference; fileEncoding = 4; lastKnownFileType = sourcecode.swift; path = "PersistableStatus.Extras+JsonMapper.swift"; sourceTree = "<group>"; };
		CE750BE61EBB840F003E6249 /* PersistableStatus+JsonMapper.swift */ = {isa = PBXFileReference; fileEncoding = 4; lastKnownFileType = sourcecode.swift; path = "PersistableStatus+JsonMapper.swift"; sourceTree = "<group>"; };
		CE750BE71EBB840F003E6249 /* PersistableUser+JsonMapper.swift */ = {isa = PBXFileReference; fileEncoding = 4; lastKnownFileType = sourcecode.swift; path = "PersistableUser+JsonMapper.swift"; sourceTree = "<group>"; };
		CE750BE81EBB840F003E6249 /* SpanItem+JsonMapper.swift */ = {isa = PBXFileReference; fileEncoding = 4; lastKnownFileType = sourcecode.swift; path = "SpanItem+JsonMapper.swift"; sourceTree = "<group>"; };
		CE750BF81EBB854F003E6249 /* AccountCredentials.swift */ = {isa = PBXFileReference; fileEncoding = 4; lastKnownFileType = sourcecode.swift; path = AccountCredentials.swift; sourceTree = "<group>"; };
		CE750BFA1EBB85DA003E6249 /* BasicCredentials+JsonMapper.swift */ = {isa = PBXFileReference; fileEncoding = 4; lastKnownFileType = sourcecode.swift; path = "BasicCredentials+JsonMapper.swift"; sourceTree = "<group>"; };
		CE750BFB1EBB85DA003E6249 /* EmptyCredentials+JsonMapper.swift */ = {isa = PBXFileReference; fileEncoding = 4; lastKnownFileType = sourcecode.swift; path = "EmptyCredentials+JsonMapper.swift"; sourceTree = "<group>"; };
		CE750BFC1EBB85DA003E6249 /* OAuth2Credentials+JsonMapper.swift */ = {isa = PBXFileReference; fileEncoding = 4; lastKnownFileType = sourcecode.swift; path = "OAuth2Credentials+JsonMapper.swift"; sourceTree = "<group>"; };
		CE750BFD1EBB85DA003E6249 /* OAuthCredentials+JsonMapper.swift */ = {isa = PBXFileReference; fileEncoding = 4; lastKnownFileType = sourcecode.swift; path = "OAuthCredentials+JsonMapper.swift"; sourceTree = "<group>"; };
		CE750C021EBB8709003E6249 /* SimpleTypesFieldConverters.swift */ = {isa = PBXFileReference; fileEncoding = 4; lastKnownFileType = sourcecode.swift; path = SimpleTypesFieldConverters.swift; sourceTree = "<group>"; };
		CE750C041EBB8951003E6249 /* StringExtensions.swift */ = {isa = PBXFileReference; fileEncoding = 4; lastKnownFileType = sourcecode.swift; path = StringExtensions.swift; sourceTree = "<group>"; };
		CE750C061EBB89AC003E6249 /* CardEntityExtension.swift */ = {isa = PBXFileReference; fileEncoding = 4; lastKnownFileType = sourcecode.swift; path = CardEntityExtension.swift; sourceTree = "<group>"; };
		CE750C071EBB89AC003E6249 /* UserMentionEntityExtension.swift */ = {isa = PBXFileReference; fileEncoding = 4; lastKnownFileType = sourcecode.swift; path = UserMentionEntityExtension.swift; sourceTree = "<group>"; };
		CEA2D6DF1EBC1E20002E5762 /* JsonMapperExtension.swift */ = {isa = PBXFileReference; fileEncoding = 4; lastKnownFileType = sourcecode.swift; path = JsonMapperExtension.swift; sourceTree = "<group>"; };
		CEA2D6E11EBC747D002E5762 /* PersistableUser.Extras+JsonMapper.swift */ = {isa = PBXFileReference; fileEncoding = 4; lastKnownFileType = sourcecode.swift; path = "PersistableUser.Extras+JsonMapper.swift"; sourceTree = "<group>"; };
		CEBBC8441EE6BCAA00043809 /* AbstractTask.swift */ = {isa = PBXFileReference; fileEncoding = 4; lastKnownFileType = sourcecode.swift; name = AbstractTask.swift; path = AbstractTask.swift; sourceTree = "<group>"; };
		CEBBC8461EE7B19800043809 /* AbsAccountRequestTask.swift */ = {isa = PBXFileReference; fileEncoding = 4; lastKnownFileType = sourcecode.swift; name = AbsAccountRequestTask.swift; path = AbsAccountRequestTask.swift; sourceTree = "<group>"; };
		CEBBC8481EE7D5E000043809 /* Draft.swift */ = {isa = PBXFileReference; fileEncoding = 4; lastKnownFileType = sourcecode.swift; path = Draft.swift; sourceTree = "<group>"; };
		CEBBC84A1EE7D70700043809 /* AccountDetailsExtension.swift */ = {isa = PBXFileReference; fileEncoding = 4; lastKnownFileType = sourcecode.swift; path = AccountDetailsExtension.swift; sourceTree = "<group>"; };
		CEBBC84C1EE7D99500043809 /* TwidereError.swift */ = {isa = PBXFileReference; fileEncoding = 4; lastKnownFileType = sourcecode.swift; path = TwidereError.swift; sourceTree = "<group>"; };
		CEBBC84F1EE7DAE700043809 /* CreateFavoriteTask.swift */ = {isa = PBXFileReference; fileEncoding = 4; lastKnownFileType = sourcecode.swift; path = CreateFavoriteTask.swift; sourceTree = "<group>"; };
		CEBBC8511EE7DBEE00043809 /* AccountDetails+RestClient.swift */ = {isa = PBXFileReference; fileEncoding = 4; lastKnownFileType = sourcecode.swift; name = "AccountDetails+RestClient.swift"; path = "AccountDetails+RestClient.swift"; sourceTree = "<group>"; };
		CEBBC8531EE7DC9200043809 /* ServiceConstants.swift */ = {isa = PBXFileReference; fileEncoding = 4; lastKnownFileType = sourcecode.swift; path = ServiceConstants.swift; sourceTree = "<group>"; };
/* End PBXFileReference section */

/* Begin PBXFrameworksBuildPhase section */
		CE750A341EBB3F3C003E6249 /* Frameworks */ = {
			isa = PBXFrameworksBuildPhase;
			buildActionMask = 2147483647;
			files = (
				CE750B3F1EBB6DC8003E6249 /* RestClient.framework in Frameworks */,
				CE750A631EBB4D28003E6249 /* MicroBlog.framework in Frameworks */,
				5EE236E547ACBEFE194924B3 /* Pods_TwidereCore.framework in Frameworks */,
			);
			runOnlyForDeploymentPostprocessing = 0;
		};
/* End PBXFrameworksBuildPhase section */

/* Begin PBXGroup section */
		631B055608C155DB3F2579A2 /* Pods */ = {
			isa = PBXGroup;
			children = (
				2281E0BF2DC0671EB8B723C7 /* Pods-TwidereCore.debug.xcconfig */,
				B05C38CF48F42A8EF30FF3DE /* Pods-TwidereCore.release.xcconfig */,
			);
			name = Pods;
			sourceTree = "<group>";
		};
		C6DB3F6BC1AF1F22B4CCB1CA /* Frameworks */ = {
			isa = PBXGroup;
			children = (
				CE750B3E1EBB6DC8003E6249 /* RestClient.framework */,
				5BF9C6A51C84A59CCC84A725 /* Pods_TwidereCore.framework */,
			);
			name = Frameworks;
			sourceTree = "<group>";
		};
		CE750A2E1EBB3F3C003E6249 = {
			isa = PBXGroup;
			children = (
				C6DB3F6BC1AF1F22B4CCB1CA /* Frameworks */,
				CE750A441EBB4144003E6249 /* Generated */,
				631B055608C155DB3F2579A2 /* Pods */,
				CE750A391EBB3F3C003E6249 /* Products */,
				CE750A3A1EBB3F3C003E6249 /* Sources */,
				CE750AAA1EBB600B003E6249 /* Mastodon.xcodeproj */,
				CE750A5D1EBB4D08003E6249 /* MicroBlog.xcodeproj */,
			);
			sourceTree = "<group>";
		};
		CE750A391EBB3F3C003E6249 /* Products */ = {
			isa = PBXGroup;
			children = (
				CE750A381EBB3F3C003E6249 /* TwidereCore.framework */,
			);
			name = Products;
			sourceTree = "<group>";
		};
		CE750A3A1EBB3F3C003E6249 /* Sources */ = {
			isa = PBXGroup;
			children = (
				CEBBC8551EE7DC9500043809 /* Constants */,
				CE750BBF1EBB7E7C003E6249 /* Extensions */,
				CE750BBE1EBB7E6E003E6249 /* Model */,
				CEBBC8411EE6BC8E00043809 /* Tasks */,
				CE750BC91EBB80FB003E6249 /* Utils */,
				CE750A3C1EBB3F3C003E6249 /* Info.plist */,
				CE750A3B1EBB3F3C003E6249 /* TwidereCore.h */,
			);
			path = Sources;
			sourceTree = "<group>";
		};
		CE750A441EBB4144003E6249 /* Generated */ = {
			isa = PBXGroup;
			children = (
				CE750BDA1EBB840F003E6249 /* AccountDetails.Credentials+JsonMapper.swift */,
				CE750BDB1EBB840F003E6249 /* AccountDetails.Extras+JsonMapper.swift */,
				CE750BFA1EBB85DA003E6249 /* BasicCredentials+JsonMapper.swift */,
				CE750BFB1EBB85DA003E6249 /* EmptyCredentials+JsonMapper.swift */,
				CE750BDE1EBB840F003E6249 /* MediaItem+JsonMapper.swift */,
				CE750BDD1EBB840F003E6249 /* MediaItem.VideoInfo+JsonMapper.swift */,
				CE750BDC1EBB840F003E6249 /* MediaItem.VideoInfo.Variant+JsonMapper.swift */,
				CE750BDF1EBB840F003E6249 /* MentionItem+JsonMapper.swift */,
				CE750BFC1EBB85DA003E6249 /* OAuth2Credentials+JsonMapper.swift */,
				CE750BFD1EBB85DA003E6249 /* OAuthCredentials+JsonMapper.swift */,
				CE750BE21EBB840F003E6249 /* PersistableActivity+JsonMapper.swift */,
				CE750BE01EBB840F003E6249 /* PersistableActivity.RelatedObject+JsonMapper.swift */,
				CE750BE11EBB840F003E6249 /* PersistableActivity.SummaryLine+JsonMapper.swift */,
				CE750BE31EBB840F003E6249 /* PersistableCardEntity+JsonMapper.swift */,
				CE750BE41EBB840F003E6249 /* PersistableLiteUser+JsonMapper.swift */,
				CE750BE61EBB840F003E6249 /* PersistableStatus+JsonMapper.swift */,
				CE750BE51EBB840F003E6249 /* PersistableStatus.Extras+JsonMapper.swift */,
				CE750BE71EBB840F003E6249 /* PersistableUser+JsonMapper.swift */,
				CEA2D6E11EBC747D002E5762 /* PersistableUser.Extras+JsonMapper.swift */,
				CE750BE81EBB840F003E6249 /* SpanItem+JsonMapper.swift */,
			);
			path = Generated;
			sourceTree = "<group>";
		};
		CE750A5E1EBB4D08003E6249 /* Products */ = {
			isa = PBXGroup;
			children = (
				CE750A621EBB4D09003E6249 /* MicroBlog.framework */,
			);
			name = Products;
			sourceTree = "<group>";
		};
		CE750B101EBB6920003E6249 /* Products */ = {
			isa = PBXGroup;
			children = (
				CE750B141EBB692A003E6249 /* Mastodon.framework */,
			);
			name = Products;
			sourceTree = "<group>";
		};
		CE750BBE1EBB7E6E003E6249 /* Model */ = {
			isa = PBXGroup;
			children = (
				CE750BF81EBB854F003E6249 /* AccountCredentials.swift */,
				CE750BC11EBB7EB0003E6249 /* AccountDetails.swift */,
				CEBBC8481EE7D5E000043809 /* Draft.swift */,
				CE750BD31EBB82B9003E6249 /* MediaItem.swift */,
				CE750BD51EBB82D5003E6249 /* MentionItem.swift */,
				CE750BB41EBB7E6A003E6249 /* PersistableActivity.swift */,
				CE750BB51EBB7E6A003E6249 /* PersistableCardEntity.swift */,
				CE750BB61EBB7E6A003E6249 /* PersistableLiteUser.swift */,
				CE750BB71EBB7E6A003E6249 /* PersistableStatus.swift */,
				CE750BB81EBB7E6A003E6249 /* PersistableUser.swift */,
				CE750BC51EBB80C6003E6249 /* SpanItem.swift */,
				CE750BC31EBB7EC2003E6249 /* UserKey.swift */,
			);
			path = Model;
			sourceTree = "<group>";
		};
		CE750BBF1EBB7E7C003E6249 /* Extensions */ = {
			isa = PBXGroup;
			children = (
				CE750BC01EBB7E8E003E6249 /* MicroBlog */,
				CE750BD21EBB8238003E6249 /* Model */,
				CEBBC84A1EE7D70700043809 /* AccountDetailsExtension.swift */,
				CE750BCA1EBB8175003E6249 /* DateExtensions.swift */,
				CEA2D6DF1EBC1E20002E5762 /* JsonMapperExtension.swift */,
				CE750C021EBB8709003E6249 /* SimpleTypesFieldConverters.swift */,
				CE750C041EBB8951003E6249 /* StringExtensions.swift */,
			);
			path = Extensions;
			sourceTree = "<group>";
		};
		CE750BC01EBB7E8E003E6249 /* MicroBlog */ = {
			isa = PBXGroup;
			children = (
				CE750C061EBB89AC003E6249 /* CardEntityExtension.swift */,
				CE750BAE1EBB7E39003E6249 /* StatusExtension.swift */,
				CE750BAF1EBB7E39003E6249 /* UserExtension.swift */,
				CE750C071EBB89AC003E6249 /* UserMentionEntityExtension.swift */,
			);
			path = MicroBlog;
			sourceTree = "<group>";
		};
		CE750BC91EBB80FB003E6249 /* Utils */ = {
			isa = PBXGroup;
			children = (
				CE750BC71EBB80F4003E6249 /* HtmlBuilder.swift */,
				CEBBC84C1EE7D99500043809 /* TwidereError.swift */,
			);
			path = Utils;
			sourceTree = "<group>";
		};
		CE750BD21EBB8238003E6249 /* Model */ = {
			isa = PBXGroup;
			children = (
				CEBBC8511EE7DBEE00043809 /* AccountDetails+RestClient.swift */,
				CE750BCE1EBB8230003E6249 /* PersistableStatusExtension.swift */,
			);
			path = Model;
			sourceTree = "<group>";
		};
		CEBBC8411EE6BC8E00043809 /* Tasks */ = {
			isa = PBXGroup;
			children = (
				CEBBC84E1EE7DAD000043809 /* Implementations */,
				CEBBC8461EE7B19800043809 /* AbsAccountRequestTask.swift */,
				CEBBC8441EE6BCAA00043809 /* AbstractTask.swift */,
			);
			name = Tasks;
			path = Tasks;
			sourceTree = "<group>";
		};
		CEBBC84E1EE7DAD000043809 /* Implementations */ = {
			isa = PBXGroup;
			children = (
				CEBBC84F1EE7DAE700043809 /* CreateFavoriteTask.swift */,
			);
			name = Implementations;
			path = Implementations;
			sourceTree = "<group>";
		};
		CEBBC8551EE7DC9500043809 /* Constants */ = {
			isa = PBXGroup;
			children = (
				CEBBC8531EE7DC9200043809 /* ServiceConstants.swift */,
			);
			name = Constants;
			path = Constants;
			sourceTree = "<group>";
		};
/* End PBXGroup section */

/* Begin PBXHeadersBuildPhase section */
		CE750A351EBB3F3C003E6249 /* Headers */ = {
			isa = PBXHeadersBuildPhase;
			buildActionMask = 2147483647;
			files = (
				CE750A3D1EBB3F3C003E6249 /* TwidereCore.h in Headers */,
			);
			runOnlyForDeploymentPostprocessing = 0;
		};
/* End PBXHeadersBuildPhase section */

/* Begin PBXNativeTarget section */
		CE750A371EBB3F3C003E6249 /* TwidereCore */ = {
			isa = PBXNativeTarget;
			buildConfigurationList = CE750A401EBB3F3C003E6249 /* Build configuration list for PBXNativeTarget "TwidereCore" */;
			buildPhases = (
				1324F7A924CC31B473D91989 /* [CP] Check Pods Manifest.lock */,
				CE750A331EBB3F3C003E6249 /* Sources */,
				CE750A341EBB3F3C003E6249 /* Frameworks */,
				CE750A351EBB3F3C003E6249 /* Headers */,
				CE750A361EBB3F3C003E6249 /* Resources */,
				F70D3630A4D532FB76FA547E /* [CP] Copy Pods Resources */,
			);
			buildRules = (
			);
			dependencies = (
			);
			name = TwidereCore;
			productName = TwidereCore;
			productReference = CE750A381EBB3F3C003E6249 /* TwidereCore.framework */;
			productType = "com.apple.product-type.framework";
		};
/* End PBXNativeTarget section */

/* Begin PBXProject section */
		CE750A2F1EBB3F3C003E6249 /* Project object */ = {
			isa = PBXProject;
			attributes = {
				LastUpgradeCheck = 0820;
				ORGANIZATIONNAME = "Mariotaku Lee";
				TargetAttributes = {
					CE750A371EBB3F3C003E6249 = {
						CreatedOnToolsVersion = 8.2.1;
						DevelopmentTeam = K5277Y55W8;
						LastSwiftMigration = 0820;
						ProvisioningStyle = Automatic;
					};
				};
			};
			buildConfigurationList = CE750A321EBB3F3C003E6249 /* Build configuration list for PBXProject "TwidereCore" */;
			compatibilityVersion = "Xcode 3.2";
			developmentRegion = English;
			hasScannedForEncodings = 0;
			knownRegions = (
				en,
			);
			mainGroup = CE750A2E1EBB3F3C003E6249;
			productRefGroup = CE750A391EBB3F3C003E6249 /* Products */;
			projectDirPath = "";
			projectReferences = (
				{
					ProductGroup = CE750B101EBB6920003E6249 /* Products */;
					ProjectRef = CE750AAA1EBB600B003E6249 /* Mastodon.xcodeproj */;
				},
				{
					ProductGroup = CE750A5E1EBB4D08003E6249 /* Products */;
					ProjectRef = CE750A5D1EBB4D08003E6249 /* MicroBlog.xcodeproj */;
				},
			);
			projectRoot = "";
			targets = (
				CE750A371EBB3F3C003E6249 /* TwidereCore */,
			);
		};
/* End PBXProject section */

/* Begin PBXReferenceProxy section */
		CE750A621EBB4D09003E6249 /* MicroBlog.framework */ = {
			isa = PBXReferenceProxy;
			fileType = wrapper.framework;
			path = MicroBlog.framework;
			remoteRef = CE750A611EBB4D09003E6249 /* PBXContainerItemProxy */;
			sourceTree = BUILT_PRODUCTS_DIR;
		};
		CE750B141EBB692A003E6249 /* Mastodon.framework */ = {
			isa = PBXReferenceProxy;
			fileType = wrapper.framework;
			path = Mastodon.framework;
			remoteRef = CE750B131EBB692A003E6249 /* PBXContainerItemProxy */;
			sourceTree = BUILT_PRODUCTS_DIR;
		};
/* End PBXReferenceProxy section */

/* Begin PBXResourcesBuildPhase section */
		CE750A361EBB3F3C003E6249 /* Resources */ = {
			isa = PBXResourcesBuildPhase;
			buildActionMask = 2147483647;
			files = (
			);
			runOnlyForDeploymentPostprocessing = 0;
		};
/* End PBXResourcesBuildPhase section */

/* Begin PBXShellScriptBuildPhase section */
		1324F7A924CC31B473D91989 /* [CP] Check Pods Manifest.lock */ = {
			isa = PBXShellScriptBuildPhase;
			buildActionMask = 2147483647;
			files = (
			);
			inputPaths = (
			);
			name = "[CP] Check Pods Manifest.lock";
			outputPaths = (
			);
			runOnlyForDeploymentPostprocessing = 0;
			shellPath = /bin/sh;
			shellScript = "diff \"${PODS_PODFILE_DIR_PATH}/Podfile.lock\" \"${PODS_ROOT}/Manifest.lock\" > /dev/null\nif [ $? != 0 ] ; then\n    # print error to STDERR\n    echo \"error: The sandbox is not in sync with the Podfile.lock. Run 'pod install' or update your CocoaPods installation.\" >&2\n    exit 1\nfi\n";
			showEnvVarsInLog = 0;
		};
		F70D3630A4D532FB76FA547E /* [CP] Copy Pods Resources */ = {
			isa = PBXShellScriptBuildPhase;
			buildActionMask = 2147483647;
			files = (
			);
			inputPaths = (
			);
			name = "[CP] Copy Pods Resources";
			outputPaths = (
			);
			runOnlyForDeploymentPostprocessing = 0;
			shellPath = /bin/sh;
			shellScript = "\"${SRCROOT}/../Pods/Target Support Files/Pods-TwidereCore/Pods-TwidereCore-resources.sh\"\n";
			showEnvVarsInLog = 0;
		};
/* End PBXShellScriptBuildPhase section */

/* Begin PBXSourcesBuildPhase section */
		CE750A331EBB3F3C003E6249 /* Sources */ = {
			isa = PBXSourcesBuildPhase;
			buildActionMask = 2147483647;
			files = (
				CE750BCF1EBB8230003E6249 /* PersistableStatusExtension.swift in Sources */,
				CEBBC84D1EE7D99500043809 /* TwidereError.swift in Sources */,
				CE750BEC1EBB840F003E6249 /* MediaItem.VideoInfo+JsonMapper.swift in Sources */,
				CE750C031EBB8709003E6249 /* SimpleTypesFieldConverters.swift in Sources */,
				CE750BFF1EBB85DA003E6249 /* EmptyCredentials+JsonMapper.swift in Sources */,
				CE750BFE1EBB85DA003E6249 /* BasicCredentials+JsonMapper.swift in Sources */,
				CE750BF61EBB840F003E6249 /* PersistableUser+JsonMapper.swift in Sources */,
				CE750BC61EBB80C6003E6249 /* SpanItem.swift in Sources */,
				CE750BC41EBB7EC2003E6249 /* UserKey.swift in Sources */,
				CE750BBC1EBB7E6A003E6249 /* PersistableStatus.swift in Sources */,
				CE750BF41EBB840F003E6249 /* PersistableStatus.Extras+JsonMapper.swift in Sources */,
				CE750BD61EBB82D5003E6249 /* MentionItem.swift in Sources */,
				CE750BF21EBB840F003E6249 /* PersistableCardEntity+JsonMapper.swift in Sources */,
				CE750BEE1EBB840F003E6249 /* MentionItem+JsonMapper.swift in Sources */,
				CE750BF31EBB840F003E6249 /* PersistableLiteUser+JsonMapper.swift in Sources */,
				CEBBC8451EE6BCAA00043809 /* AbstractTask.swift in Sources */,
				CE750BF51EBB840F003E6249 /* PersistableStatus+JsonMapper.swift in Sources */,
				CEBBC84B1EE7D70700043809 /* AccountDetailsExtension.swift in Sources */,
				CE750C011EBB85DA003E6249 /* OAuthCredentials+JsonMapper.swift in Sources */,
				CE750BBD1EBB7E6A003E6249 /* PersistableUser.swift in Sources */,
				CE750BEF1EBB840F003E6249 /* PersistableActivity.RelatedObject+JsonMapper.swift in Sources */,
				CE750C091EBB89AC003E6249 /* UserMentionEntityExtension.swift in Sources */,
				CE750C081EBB89AC003E6249 /* CardEntityExtension.swift in Sources */,
				CEA2D6E01EBC1E20002E5762 /* JsonMapperExtension.swift in Sources */,
				CE750BF91EBB854F003E6249 /* AccountCredentials.swift in Sources */,
				CE750BC21EBB7EB0003E6249 /* AccountDetails.swift in Sources */,
				CE750C051EBB8951003E6249 /* StringExtensions.swift in Sources */,
				CE750BCB1EBB8175003E6249 /* DateExtensions.swift in Sources */,
				CE750BE91EBB840F003E6249 /* AccountDetails.Credentials+JsonMapper.swift in Sources */,
				CE750C001EBB85DA003E6249 /* OAuth2Credentials+JsonMapper.swift in Sources */,
				CE750BF01EBB840F003E6249 /* PersistableActivity.SummaryLine+JsonMapper.swift in Sources */,
				CE750BD41EBB82B9003E6249 /* MediaItem.swift in Sources */,
				CE750BED1EBB840F003E6249 /* MediaItem+JsonMapper.swift in Sources */,
				CEBBC8491EE7D5E000043809 /* Draft.swift in Sources */,
				CE750BEA1EBB840F003E6249 /* AccountDetails.Extras+JsonMapper.swift in Sources */,
				CEBBC8501EE7DAE700043809 /* CreateFavoriteTask.swift in Sources */,
				CEA2D6E21EBC747D002E5762 /* PersistableUser.Extras+JsonMapper.swift in Sources */,
				CE750BB01EBB7E39003E6249 /* StatusExtension.swift in Sources */,
				CE750BC81EBB80F4003E6249 /* HtmlBuilder.swift in Sources */,
				CE750BEB1EBB840F003E6249 /* MediaItem.VideoInfo.Variant+JsonMapper.swift in Sources */,
				CE750BF71EBB840F003E6249 /* SpanItem+JsonMapper.swift in Sources */,
				CEBBC8541EE7DC9200043809 /* ServiceConstants.swift in Sources */,
				CE750BB11EBB7E39003E6249 /* UserExtension.swift in Sources */,
				CEBBC8471EE7B19800043809 /* AbsAccountRequestTask.swift in Sources */,
				CE750BBB1EBB7E6A003E6249 /* PersistableLiteUser.swift in Sources */,
				CEBBC8521EE7DBEE00043809 /* AccountDetails+RestClient.swift in Sources */,
				CE750BF11EBB840F003E6249 /* PersistableActivity+JsonMapper.swift in Sources */,
				CE750BB91EBB7E6A003E6249 /* PersistableActivity.swift in Sources */,
				CE750BBA1EBB7E6A003E6249 /* PersistableCardEntity.swift in Sources */,
			);
			runOnlyForDeploymentPostprocessing = 0;
		};
/* End PBXSourcesBuildPhase section */

/* Begin XCBuildConfiguration section */
		CE750A3E1EBB3F3C003E6249 /* Debug */ = {
			isa = XCBuildConfiguration;
			buildSettings = {
				ALWAYS_SEARCH_USER_PATHS = NO;
				CLANG_ANALYZER_NONNULL = YES;
				CLANG_CXX_LANGUAGE_STANDARD = "gnu++0x";
				CLANG_CXX_LIBRARY = "libc++";
				CLANG_ENABLE_MODULES = YES;
				CLANG_ENABLE_OBJC_ARC = YES;
				CLANG_WARN_BOOL_CONVERSION = YES;
				CLANG_WARN_CONSTANT_CONVERSION = YES;
				CLANG_WARN_DIRECT_OBJC_ISA_USAGE = YES_ERROR;
				CLANG_WARN_DOCUMENTATION_COMMENTS = YES;
				CLANG_WARN_EMPTY_BODY = YES;
				CLANG_WARN_ENUM_CONVERSION = YES;
				CLANG_WARN_INFINITE_RECURSION = YES;
				CLANG_WARN_INT_CONVERSION = YES;
				CLANG_WARN_OBJC_ROOT_CLASS = YES_ERROR;
				CLANG_WARN_SUSPICIOUS_MOVE = YES;
				CLANG_WARN_UNREACHABLE_CODE = YES;
				CLANG_WARN__DUPLICATE_METHOD_MATCH = YES;
				"CODE_SIGN_IDENTITY[sdk=iphoneos*]" = "iPhone Developer";
				COPY_PHASE_STRIP = NO;
				CURRENT_PROJECT_VERSION = 1;
				DEBUG_INFORMATION_FORMAT = dwarf;
				ENABLE_STRICT_OBJC_MSGSEND = YES;
				ENABLE_TESTABILITY = YES;
				GCC_C_LANGUAGE_STANDARD = gnu99;
				GCC_DYNAMIC_NO_PIC = NO;
				GCC_NO_COMMON_BLOCKS = YES;
				GCC_OPTIMIZATION_LEVEL = 0;
				GCC_PREPROCESSOR_DEFINITIONS = (
					"DEBUG=1",
					"$(inherited)",
				);
				GCC_WARN_64_TO_32_BIT_CONVERSION = YES;
				GCC_WARN_ABOUT_RETURN_TYPE = YES_ERROR;
				GCC_WARN_UNDECLARED_SELECTOR = YES;
				GCC_WARN_UNINITIALIZED_AUTOS = YES_AGGRESSIVE;
				GCC_WARN_UNUSED_FUNCTION = YES;
				GCC_WARN_UNUSED_VARIABLE = YES;
				IPHONEOS_DEPLOYMENT_TARGET = 9.3;
				MTL_ENABLE_DEBUG_INFO = YES;
				ONLY_ACTIVE_ARCH = YES;
				SDKROOT = iphoneos;
				SWIFT_ACTIVE_COMPILATION_CONDITIONS = DEBUG;
				SWIFT_OPTIMIZATION_LEVEL = "-Onone";
				TARGETED_DEVICE_FAMILY = "1,2";
				VERSIONING_SYSTEM = "apple-generic";
				VERSION_INFO_PREFIX = "";
			};
			name = Debug;
		};
		CE750A3F1EBB3F3C003E6249 /* Release */ = {
			isa = XCBuildConfiguration;
			buildSettings = {
				ALWAYS_SEARCH_USER_PATHS = NO;
				CLANG_ANALYZER_NONNULL = YES;
				CLANG_CXX_LANGUAGE_STANDARD = "gnu++0x";
				CLANG_CXX_LIBRARY = "libc++";
				CLANG_ENABLE_MODULES = YES;
				CLANG_ENABLE_OBJC_ARC = YES;
				CLANG_WARN_BOOL_CONVERSION = YES;
				CLANG_WARN_CONSTANT_CONVERSION = YES;
				CLANG_WARN_DIRECT_OBJC_ISA_USAGE = YES_ERROR;
				CLANG_WARN_DOCUMENTATION_COMMENTS = YES;
				CLANG_WARN_EMPTY_BODY = YES;
				CLANG_WARN_ENUM_CONVERSION = YES;
				CLANG_WARN_INFINITE_RECURSION = YES;
				CLANG_WARN_INT_CONVERSION = YES;
				CLANG_WARN_OBJC_ROOT_CLASS = YES_ERROR;
				CLANG_WARN_SUSPICIOUS_MOVE = YES;
				CLANG_WARN_UNREACHABLE_CODE = YES;
				CLANG_WARN__DUPLICATE_METHOD_MATCH = YES;
				"CODE_SIGN_IDENTITY[sdk=iphoneos*]" = "iPhone Developer";
				COPY_PHASE_STRIP = NO;
				CURRENT_PROJECT_VERSION = 1;
				DEBUG_INFORMATION_FORMAT = "dwarf-with-dsym";
				ENABLE_NS_ASSERTIONS = NO;
				ENABLE_STRICT_OBJC_MSGSEND = YES;
				GCC_C_LANGUAGE_STANDARD = gnu99;
				GCC_NO_COMMON_BLOCKS = YES;
				GCC_WARN_64_TO_32_BIT_CONVERSION = YES;
				GCC_WARN_ABOUT_RETURN_TYPE = YES_ERROR;
				GCC_WARN_UNDECLARED_SELECTOR = YES;
				GCC_WARN_UNINITIALIZED_AUTOS = YES_AGGRESSIVE;
				GCC_WARN_UNUSED_FUNCTION = YES;
				GCC_WARN_UNUSED_VARIABLE = YES;
				IPHONEOS_DEPLOYMENT_TARGET = 9.3;
				MTL_ENABLE_DEBUG_INFO = NO;
				SDKROOT = iphoneos;
				SWIFT_OPTIMIZATION_LEVEL = "-Owholemodule";
				TARGETED_DEVICE_FAMILY = "1,2";
				VALIDATE_PRODUCT = YES;
				VERSIONING_SYSTEM = "apple-generic";
				VERSION_INFO_PREFIX = "";
			};
			name = Release;
		};
		CE750A411EBB3F3C003E6249 /* Debug */ = {
			isa = XCBuildConfiguration;
			baseConfigurationReference = 2281E0BF2DC0671EB8B723C7 /* Pods-TwidereCore.debug.xcconfig */;
			buildSettings = {
				CLANG_ENABLE_MODULES = YES;
				CODE_SIGN_IDENTITY = "";
				DEFINES_MODULE = YES;
				DEVELOPMENT_TEAM = K5277Y55W8;
				DYLIB_COMPATIBILITY_VERSION = 1;
				DYLIB_CURRENT_VERSION = 1;
				DYLIB_INSTALL_NAME_BASE = "@rpath";
				INFOPLIST_FILE = Sources/Info.plist;
				INSTALL_PATH = "$(LOCAL_LIBRARY_DIR)/Frameworks";
				LD_RUNPATH_SEARCH_PATHS = "$(inherited) @executable_path/Frameworks @loader_path/Frameworks";
				PRODUCT_BUNDLE_IDENTIFIER = org.mariotaku.TwidereCore;
				PRODUCT_NAME = "$(TARGET_NAME)";
				SKIP_INSTALL = YES;
				SWIFT_OPTIMIZATION_LEVEL = "-Onone";
				SWIFT_VERSION = 3.0;
			};
			name = Debug;
		};
		CE750A421EBB3F3C003E6249 /* Release */ = {
			isa = XCBuildConfiguration;
			baseConfigurationReference = B05C38CF48F42A8EF30FF3DE /* Pods-TwidereCore.release.xcconfig */;
			buildSettings = {
				CLANG_ENABLE_MODULES = YES;
				CODE_SIGN_IDENTITY = "";
				DEFINES_MODULE = YES;
				DEVELOPMENT_TEAM = K5277Y55W8;
				DYLIB_COMPATIBILITY_VERSION = 1;
				DYLIB_CURRENT_VERSION = 1;
				DYLIB_INSTALL_NAME_BASE = "@rpath";
				INFOPLIST_FILE = Sources/Info.plist;
				INSTALL_PATH = "$(LOCAL_LIBRARY_DIR)/Frameworks";
				LD_RUNPATH_SEARCH_PATHS = "$(inherited) @executable_path/Frameworks @loader_path/Frameworks";
				PRODUCT_BUNDLE_IDENTIFIER = org.mariotaku.TwidereCore;
				PRODUCT_NAME = "$(TARGET_NAME)";
				SKIP_INSTALL = YES;
				SWIFT_VERSION = 3.0;
			};
			name = Release;
		};
/* End XCBuildConfiguration section */

/* Begin XCConfigurationList section */
		CE750A321EBB3F3C003E6249 /* Build configuration list for PBXProject "TwidereCore" */ = {
			isa = XCConfigurationList;
			buildConfigurations = (
				CE750A3E1EBB3F3C003E6249 /* Debug */,
				CE750A3F1EBB3F3C003E6249 /* Release */,
			);
			defaultConfigurationIsVisible = 0;
			defaultConfigurationName = Release;
		};
		CE750A401EBB3F3C003E6249 /* Build configuration list for PBXNativeTarget "TwidereCore" */ = {
			isa = XCConfigurationList;
			buildConfigurations = (
				CE750A411EBB3F3C003E6249 /* Debug */,
				CE750A421EBB3F3C003E6249 /* Release */,
			);
			defaultConfigurationIsVisible = 0;
			defaultConfigurationName = Release;
		};
/* End XCConfigurationList section */
	};
	rootObject = CE750A2F1EBB3F3C003E6249 /* Project object */;
}
